// !$*UTF8*$!
{
	archiveVersion = 1;
	classes = {
	};
	objectVersion = 46;
	objects = {

/* Begin PBXBuildFile section */
		277F62AF1956D7BB00ADD3DD /* Foundation.framework in Frameworks */ = {isa = PBXBuildFile; fileRef = 277F62AE1956D7BB00ADD3DD /* Foundation.framework */; };
		277F62B11956D7BB00ADD3DD /* CoreGraphics.framework in Frameworks */ = {isa = PBXBuildFile; fileRef = 277F62B01956D7BB00ADD3DD /* CoreGraphics.framework */; };
		277F62B31956D7BB00ADD3DD /* UIKit.framework in Frameworks */ = {isa = PBXBuildFile; fileRef = 277F62B21956D7BB00ADD3DD /* UIKit.framework */; };
		277F62B91956D7BB00ADD3DD /* InfoPlist.strings in Resources */ = {isa = PBXBuildFile; fileRef = 277F62B71956D7BB00ADD3DD /* InfoPlist.strings */; };
		277F62BB1956D7BB00ADD3DD /* main.m in Sources */ = {isa = PBXBuildFile; fileRef = 277F62BA1956D7BB00ADD3DD /* main.m */; };
		277F62C11956D7BB00ADD3DD /* Images.xcassets in Resources */ = {isa = PBXBuildFile; fileRef = 277F62C01956D7BB00ADD3DD /* Images.xcassets */; };
		277F62C81956D7BB00ADD3DD /* XCTest.framework in Frameworks */ = {isa = PBXBuildFile; fileRef = 277F62C71956D7BB00ADD3DD /* XCTest.framework */; };
		277F62C91956D7BB00ADD3DD /* Foundation.framework in Frameworks */ = {isa = PBXBuildFile; fileRef = 277F62AE1956D7BB00ADD3DD /* Foundation.framework */; };
		277F62CA1956D7BB00ADD3DD /* UIKit.framework in Frameworks */ = {isa = PBXBuildFile; fileRef = 277F62B21956D7BB00ADD3DD /* UIKit.framework */; };
		277F62D21956D7BB00ADD3DD /* InfoPlist.strings in Resources */ = {isa = PBXBuildFile; fileRef = 277F62D01956D7BB00ADD3DD /* InfoPlist.strings */; };
		277F62D41956D7BB00ADD3DD /* PresentationLayerTests.m in Sources */ = {isa = PBXBuildFile; fileRef = 277F62D31956D7BB00ADD3DD /* PresentationLayerTests.m */; };
		277F63101956DBD500ADD3DD /* libLogicAndDataLayer.a in Frameworks */ = {isa = PBXBuildFile; fileRef = 277F630F1956DBD500ADD3DD /* libLogicAndDataLayer.a */; };
		277F633C1956DDE700ADD3DD /* KeBiaoViewController.m in Sources */ = {isa = PBXBuildFile; fileRef = 277F632C1956DDE700ADD3DD /* KeBiaoViewController.m */; };
		277F63401956DDE700ADD3DD /* JiaoWuAppDelegate.m in Sources */ = {isa = PBXBuildFile; fileRef = 277F63351956DDE700ADD3DD /* JiaoWuAppDelegate.m */; };
		277F63411956DDE700ADD3DD /* JiaoWuViewController.m in Sources */ = {isa = PBXBuildFile; fileRef = 277F63371956DDE700ADD3DD /* JiaoWuViewController.m */; };
		277F63421956DDE700ADD3DD /* FenShuViewController.m in Sources */ = {isa = PBXBuildFile; fileRef = 277F633A1956DDE700ADD3DD /* FenShuViewController.m */; };
/* End PBXBuildFile section */

/* Begin PBXContainerItemProxy section */
		277F62CB1956D7BB00ADD3DD /* PBXContainerItemProxy */ = {
			isa = PBXContainerItemProxy;
			containerPortal = 277F62A31956D7BB00ADD3DD /* Project object */;
			proxyType = 1;
			remoteGlobalIDString = 277F62AA1956D7BB00ADD3DD;
			remoteInfo = PresentationLayer;
		};
/* End PBXContainerItemProxy section */

/* Begin PBXFileReference section */
		277F62AB1956D7BB00ADD3DD /* PresentationLayer.app */ = {isa = PBXFileReference; explicitFileType = wrapper.application; includeInIndex = 0; path = PresentationLayer.app; sourceTree = BUILT_PRODUCTS_DIR; };
		277F62AE1956D7BB00ADD3DD /* Foundation.framework */ = {isa = PBXFileReference; lastKnownFileType = wrapper.framework; name = Foundation.framework; path = System/Library/Frameworks/Foundation.framework; sourceTree = SDKROOT; };
		277F62B01956D7BB00ADD3DD /* CoreGraphics.framework */ = {isa = PBXFileReference; lastKnownFileType = wrapper.framework; name = CoreGraphics.framework; path = System/Library/Frameworks/CoreGraphics.framework; sourceTree = SDKROOT; };
		277F62B21956D7BB00ADD3DD /* UIKit.framework */ = {isa = PBXFileReference; lastKnownFileType = wrapper.framework; name = UIKit.framework; path = System/Library/Frameworks/UIKit.framework; sourceTree = SDKROOT; };
		277F62B61956D7BB00ADD3DD /* PresentationLayer-Info.plist */ = {isa = PBXFileReference; lastKnownFileType = text.plist.xml; path = "PresentationLayer-Info.plist"; sourceTree = "<group>"; };
		277F62B81956D7BB00ADD3DD /* en */ = {isa = PBXFileReference; lastKnownFileType = text.plist.strings; name = en; path = en.lproj/InfoPlist.strings; sourceTree = "<group>"; };
		277F62BA1956D7BB00ADD3DD /* main.m */ = {isa = PBXFileReference; lastKnownFileType = sourcecode.c.objc; path = main.m; sourceTree = "<group>"; };
		277F62BC1956D7BB00ADD3DD /* PresentationLayer-Prefix.pch */ = {isa = PBXFileReference; lastKnownFileType = sourcecode.c.h; path = "PresentationLayer-Prefix.pch"; sourceTree = "<group>"; };
		277F62C01956D7BB00ADD3DD /* Images.xcassets */ = {isa = PBXFileReference; lastKnownFileType = folder.assetcatalog; path = Images.xcassets; sourceTree = "<group>"; };
		277F62C61956D7BB00ADD3DD /* PresentationLayerTests.xctest */ = {isa = PBXFileReference; explicitFileType = wrapper.cfbundle; includeInIndex = 0; path = PresentationLayerTests.xctest; sourceTree = BUILT_PRODUCTS_DIR; };
		277F62C71956D7BB00ADD3DD /* XCTest.framework */ = {isa = PBXFileReference; lastKnownFileType = wrapper.framework; name = XCTest.framework; path = Library/Frameworks/XCTest.framework; sourceTree = DEVELOPER_DIR; };
		277F62CF1956D7BB00ADD3DD /* PresentationLayerTests-Info.plist */ = {isa = PBXFileReference; lastKnownFileType = text.plist.xml; path = "PresentationLayerTests-Info.plist"; sourceTree = "<group>"; };
		277F62D11956D7BB00ADD3DD /* en */ = {isa = PBXFileReference; lastKnownFileType = text.plist.strings; name = en; path = en.lproj/InfoPlist.strings; sourceTree = "<group>"; };
		277F62D31956D7BB00ADD3DD /* PresentationLayerTests.m */ = {isa = PBXFileReference; lastKnownFileType = sourcecode.c.objc; path = PresentationLayerTests.m; sourceTree = "<group>"; };
		277F630F1956DBD500ADD3DD /* libLogicAndDataLayer.a */ = {isa = PBXFileReference; lastKnownFileType = archive.ar; name = libLogicAndDataLayer.a; path = "../LogicAndDataLayer/build/Debug-iphoneos/libLogicAndDataLayer.a"; sourceTree = "<group>"; };
		277F632B1956DDE700ADD3DD /* KeBiaoViewController.h */ = {isa = PBXFileReference; fileEncoding = 4; lastKnownFileType = sourcecode.c.h; path = KeBiaoViewController.h; sourceTree = "<group>"; };
		277F632C1956DDE700ADD3DD /* KeBiaoViewController.m */ = {isa = PBXFileReference; fileEncoding = 4; lastKnownFileType = sourcecode.c.objc; path = KeBiaoViewController.m; sourceTree = "<group>"; };
		277F63341956DDE700ADD3DD /* JiaoWuAppDelegate.h */ = {isa = PBXFileReference; fileEncoding = 4; lastKnownFileType = sourcecode.c.h; path = JiaoWuAppDelegate.h; sourceTree = "<group>"; };
		277F63351956DDE700ADD3DD /* JiaoWuAppDelegate.m */ = {isa = PBXFileReference; fileEncoding = 4; lastKnownFileType = sourcecode.c.objc; path = JiaoWuAppDelegate.m; sourceTree = "<group>"; };
		277F63361956DDE700ADD3DD /* JiaoWuViewController.h */ = {isa = PBXFileReference; fileEncoding = 4; lastKnownFileType = sourcecode.c.h; path = JiaoWuViewController.h; sourceTree = "<group>"; };
		277F63371956DDE700ADD3DD /* JiaoWuViewController.m */ = {isa = PBXFileReference; fileEncoding = 4; lastKnownFileType = sourcecode.c.objc; path = JiaoWuViewController.m; sourceTree = "<group>"; };
		277F63391956DDE700ADD3DD /* FenShuViewController.h */ = {isa = PBXFileReference; fileEncoding = 4; lastKnownFileType = sourcecode.c.h; path = FenShuViewController.h; sourceTree = "<group>"; };
		277F633A1956DDE700ADD3DD /* FenShuViewController.m */ = {isa = PBXFileReference; fileEncoding = 4; lastKnownFileType = sourcecode.c.objc; path = FenShuViewController.m; sourceTree = "<group>"; };
/* End PBXFileReference section */

/* Begin PBXFrameworksBuildPhase section */
		277F62A81956D7BB00ADD3DD /* Frameworks */ = {
			isa = PBXFrameworksBuildPhase;
			buildActionMask = 2147483647;
			files = (
				277F63101956DBD500ADD3DD /* libLogicAndDataLayer.a in Frameworks */,
				277F62B11956D7BB00ADD3DD /* CoreGraphics.framework in Frameworks */,
				277F62B31956D7BB00ADD3DD /* UIKit.framework in Frameworks */,
				277F62AF1956D7BB00ADD3DD /* Foundation.framework in Frameworks */,
			);
			runOnlyForDeploymentPostprocessing = 0;
		};
		277F62C31956D7BB00ADD3DD /* Frameworks */ = {
			isa = PBXFrameworksBuildPhase;
			buildActionMask = 2147483647;
			files = (
				277F62C81956D7BB00ADD3DD /* XCTest.framework in Frameworks */,
				277F62CA1956D7BB00ADD3DD /* UIKit.framework in Frameworks */,
				277F62C91956D7BB00ADD3DD /* Foundation.framework in Frameworks */,
			);
			runOnlyForDeploymentPostprocessing = 0;
		};
/* End PBXFrameworksBuildPhase section */

/* Begin PBXGroup section */
		277F62A21956D7BB00ADD3DD = {
			isa = PBXGroup;
			children = (
				277F62B41956D7BB00ADD3DD /* PresentationLayer */,
				277F62CD1956D7BB00ADD3DD /* PresentationLayerTests */,
				277F62AD1956D7BB00ADD3DD /* Frameworks */,
				277F62AC1956D7BB00ADD3DD /* Products */,
			);
			sourceTree = "<group>";
		};
		277F62AC1956D7BB00ADD3DD /* Products */ = {
			isa = PBXGroup;
			children = (
				277F62AB1956D7BB00ADD3DD /* PresentationLayer.app */,
				277F62C61956D7BB00ADD3DD /* PresentationLayerTests.xctest */,
			);
			name = Products;
			sourceTree = "<group>";
		};
		277F62AD1956D7BB00ADD3DD /* Frameworks */ = {
			isa = PBXGroup;
			children = (
				277F630F1956DBD500ADD3DD /* libLogicAndDataLayer.a */,
				277F62AE1956D7BB00ADD3DD /* Foundation.framework */,
				277F62B01956D7BB00ADD3DD /* CoreGraphics.framework */,
				277F62B21956D7BB00ADD3DD /* UIKit.framework */,
				277F62C71956D7BB00ADD3DD /* XCTest.framework */,
			);
			name = Frameworks;
			sourceTree = "<group>";
		};
		277F62B41956D7BB00ADD3DD /* PresentationLayer */ = {
			isa = PBXGroup;
			children = (
				277F63341956DDE700ADD3DD /* JiaoWuAppDelegate.h */,
				277F63351956DDE700ADD3DD /* JiaoWuAppDelegate.m */,
				277F63361956DDE700ADD3DD /* JiaoWuViewController.h */,
				277F63371956DDE700ADD3DD /* JiaoWuViewController.m */,
				277F63281956DDE700ADD3DD /* CourseView */,
				277F63381956DDE700ADD3DD /* ScoreView */,
				277F62C01956D7BB00ADD3DD /* Images.xcassets */,
				277F62B51956D7BB00ADD3DD /* Supporting Files */,
			);
			path = PresentationLayer;
			sourceTree = "<group>";
		};
		277F62B51956D7BB00ADD3DD /* Supporting Files */ = {
			isa = PBXGroup;
			children = (
				277F62B61956D7BB00ADD3DD /* PresentationLayer-Info.plist */,
				277F62B71956D7BB00ADD3DD /* InfoPlist.strings */,
				277F62BA1956D7BB00ADD3DD /* main.m */,
				277F62BC1956D7BB00ADD3DD /* PresentationLayer-Prefix.pch */,
			);
			name = "Supporting Files";
			sourceTree = "<group>";
		};
		277F62CD1956D7BB00ADD3DD /* PresentationLayerTests */ = {
			isa = PBXGroup;
			children = (
				277F62D31956D7BB00ADD3DD /* PresentationLayerTests.m */,
				277F62CE1956D7BB00ADD3DD /* Supporting Files */,
			);
			path = PresentationLayerTests;
			sourceTree = "<group>";
		};
		277F62CE1956D7BB00ADD3DD /* Supporting Files */ = {
			isa = PBXGroup;
			children = (
				277F62CF1956D7BB00ADD3DD /* PresentationLayerTests-Info.plist */,
				277F62D01956D7BB00ADD3DD /* InfoPlist.strings */,
			);
			name = "Supporting Files";
			sourceTree = "<group>";
		};
		277F63281956DDE700ADD3DD /* CourseView */ = {
			isa = PBXGroup;
			children = (
				277F632B1956DDE700ADD3DD /* KeBiaoViewController.h */,
				277F632C1956DDE700ADD3DD /* KeBiaoViewController.m */,
			);
			path = CourseView;
			sourceTree = "<group>";
		};
		277F63381956DDE700ADD3DD /* ScoreView */ = {
			isa = PBXGroup;
			children = (
				277F63391956DDE700ADD3DD /* FenShuViewController.h */,
				277F633A1956DDE700ADD3DD /* FenShuViewController.m */,
			);
			path = ScoreView;
			sourceTree = "<group>";
		};
/* End PBXGroup section */

/* Begin PBXNativeTarget section */
		277F62AA1956D7BB00ADD3DD /* PresentationLayer */ = {
			isa = PBXNativeTarget;
			buildConfigurationList = 277F62D71956D7BB00ADD3DD /* Build configuration list for PBXNativeTarget "PresentationLayer" */;
			buildPhases = (
				277F62A71956D7BB00ADD3DD /* Sources */,
				277F62A81956D7BB00ADD3DD /* Frameworks */,
				277F62A91956D7BB00ADD3DD /* Resources */,
			);
			buildRules = (
			);
			dependencies = (
			);
			name = PresentationLayer;
			productName = PresentationLayer;
			productReference = 277F62AB1956D7BB00ADD3DD /* PresentationLayer.app */;
			productType = "com.apple.product-type.application";
		};
		277F62C51956D7BB00ADD3DD /* PresentationLayerTests */ = {
			isa = PBXNativeTarget;
			buildConfigurationList = 277F62DA1956D7BB00ADD3DD /* Build configuration list for PBXNativeTarget "PresentationLayerTests" */;
			buildPhases = (
				277F62C21956D7BB00ADD3DD /* Sources */,
				277F62C31956D7BB00ADD3DD /* Frameworks */,
				277F62C41956D7BB00ADD3DD /* Resources */,
			);
			buildRules = (
			);
			dependencies = (
				277F62CC1956D7BB00ADD3DD /* PBXTargetDependency */,
			);
			name = PresentationLayerTests;
			productName = PresentationLayerTests;
			productReference = 277F62C61956D7BB00ADD3DD /* PresentationLayerTests.xctest */;
			productType = "com.apple.product-type.bundle.unit-test";
		};
/* End PBXNativeTarget section */

/* Begin PBXProject section */
		277F62A31956D7BB00ADD3DD /* Project object */ = {
			isa = PBXProject;
			attributes = {
				LastUpgradeCheck = 0510;
				ORGANIZATIONNAME = study;
				TargetAttributes = {
					277F62C51956D7BB00ADD3DD = {
						TestTargetID = 277F62AA1956D7BB00ADD3DD;
					};
				};
			};
			buildConfigurationList = 277F62A61956D7BB00ADD3DD /* Build configuration list for PBXProject "PresentationLayer" */;
			compatibilityVersion = "Xcode 3.2";
			developmentRegion = English;
			hasScannedForEncodings = 0;
			knownRegions = (
				en,
			);
			mainGroup = 277F62A21956D7BB00ADD3DD;
			productRefGroup = 277F62AC1956D7BB00ADD3DD /* Products */;
			projectDirPath = "";
			projectRoot = "";
			targets = (
				277F62AA1956D7BB00ADD3DD /* PresentationLayer */,
				277F62C51956D7BB00ADD3DD /* PresentationLayerTests */,
			);
		};
/* End PBXProject section */

/* Begin PBXResourcesBuildPhase section */
		277F62A91956D7BB00ADD3DD /* Resources */ = {
			isa = PBXResourcesBuildPhase;
			buildActionMask = 2147483647;
			files = (
				277F62B91956D7BB00ADD3DD /* InfoPlist.strings in Resources */,
				277F62C11956D7BB00ADD3DD /* Images.xcassets in Resources */,
			);
			runOnlyForDeploymentPostprocessing = 0;
		};
		277F62C41956D7BB00ADD3DD /* Resources */ = {
			isa = PBXResourcesBuildPhase;
			buildActionMask = 2147483647;
			files = (
				277F62D21956D7BB00ADD3DD /* InfoPlist.strings in Resources */,
			);
			runOnlyForDeploymentPostprocessing = 0;
		};
/* End PBXResourcesBuildPhase section */

/* Begin PBXSourcesBuildPhase section */
		277F62A71956D7BB00ADD3DD /* Sources */ = {
			isa = PBXSourcesBuildPhase;
			buildActionMask = 2147483647;
			files = (
				277F63401956DDE700ADD3DD /* JiaoWuAppDelegate.m in Sources */,
				277F63421956DDE700ADD3DD /* FenShuViewController.m in Sources */,
				277F63411956DDE700ADD3DD /* JiaoWuViewController.m in Sources */,
				277F62BB1956D7BB00ADD3DD /* main.m in Sources */,
				277F633C1956DDE700ADD3DD /* KeBiaoViewController.m in Sources */,
			);
			runOnlyForDeploymentPostprocessing = 0;
		};
		277F62C21956D7BB00ADD3DD /* Sources */ = {
			isa = PBXSourcesBuildPhase;
			buildActionMask = 2147483647;
			files = (
				277F62D41956D7BB00ADD3DD /* PresentationLayerTests.m in Sources */,
			);
			runOnlyForDeploymentPostprocessing = 0;
		};
/* End PBXSourcesBuildPhase section */

/* Begin PBXTargetDependency section */
		277F62CC1956D7BB00ADD3DD /* PBXTargetDependency */ = {
			isa = PBXTargetDependency;
			target = 277F62AA1956D7BB00ADD3DD /* PresentationLayer */;
			targetProxy = 277F62CB1956D7BB00ADD3DD /* PBXContainerItemProxy */;
		};
/* End PBXTargetDependency section */

/* Begin PBXVariantGroup section */
		277F62B71956D7BB00ADD3DD /* InfoPlist.strings */ = {
			isa = PBXVariantGroup;
			children = (
				277F62B81956D7BB00ADD3DD /* en */,
			);
			name = InfoPlist.strings;
			sourceTree = "<group>";
		};
		277F62D01956D7BB00ADD3DD /* InfoPlist.strings */ = {
			isa = PBXVariantGroup;
			children = (
				277F62D11956D7BB00ADD3DD /* en */,
			);
			name = InfoPlist.strings;
			sourceTree = "<group>";
		};
/* End PBXVariantGroup section */

/* Begin XCBuildConfiguration section */
		277F62D51956D7BB00ADD3DD /* Debug */ = {
			isa = XCBuildConfiguration;
			buildSettings = {
				ALWAYS_SEARCH_USER_PATHS = NO;
				CLANG_CXX_LANGUAGE_STANDARD = "gnu++0x";
				CLANG_CXX_LIBRARY = "libc++";
				CLANG_ENABLE_MODULES = YES;
				CLANG_ENABLE_OBJC_ARC = YES;
				CLANG_WARN_BOOL_CONVERSION = YES;
				CLANG_WARN_CONSTANT_CONVERSION = YES;
				CLANG_WARN_DIRECT_OBJC_ISA_USAGE = YES_ERROR;
				CLANG_WARN_EMPTY_BODY = YES;
				CLANG_WARN_ENUM_CONVERSION = YES;
				CLANG_WARN_INT_CONVERSION = YES;
				CLANG_WARN_OBJC_ROOT_CLASS = YES_ERROR;
				CLANG_WARN__DUPLICATE_METHOD_MATCH = YES;
				"CODE_SIGN_IDENTITY[sdk=iphoneos*]" = "iPhone Developer";
				COPY_PHASE_STRIP = NO;
				GCC_C_LANGUAGE_STANDARD = gnu99;
				GCC_DYNAMIC_NO_PIC = NO;
				GCC_OPTIMIZATION_LEVEL = 0;
				GCC_PREPROCESSOR_DEFINITIONS = (
					"DEBUG=1",
					"$(inherited)",
				);
				GCC_SYMBOLS_PRIVATE_EXTERN = NO;
				GCC_WARN_64_TO_32_BIT_CONVERSION = YES;
				GCC_WARN_ABOUT_RETURN_TYPE = YES_ERROR;
				GCC_WARN_UNDECLARED_SELECTOR = YES;
				GCC_WARN_UNINITIALIZED_AUTOS = YES_AGGRESSIVE;
				GCC_WARN_UNUSED_FUNCTION = YES;
				GCC_WARN_UNUSED_VARIABLE = YES;
				IPHONEOS_DEPLOYMENT_TARGET = 7.1;
				ONLY_ACTIVE_ARCH = YES;
				SDKROOT = iphoneos;
			};
			name = Debug;
		};
		277F62D61956D7BB00ADD3DD /* Release */ = {
			isa = XCBuildConfiguration;
			buildSettings = {
				ALWAYS_SEARCH_USER_PATHS = NO;
				CLANG_CXX_LANGUAGE_STANDARD = "gnu++0x";
				CLANG_CXX_LIBRARY = "libc++";
				CLANG_ENABLE_MODULES = YES;
				CLANG_ENABLE_OBJC_ARC = YES;
				CLANG_WARN_BOOL_CONVERSION = YES;
				CLANG_WARN_CONSTANT_CONVERSION = YES;
				CLANG_WARN_DIRECT_OBJC_ISA_USAGE = YES_ERROR;
				CLANG_WARN_EMPTY_BODY = YES;
				CLANG_WARN_ENUM_CONVERSION = YES;
				CLANG_WARN_INT_CONVERSION = YES;
				CLANG_WARN_OBJC_ROOT_CLASS = YES_ERROR;
				CLANG_WARN__DUPLICATE_METHOD_MATCH = YES;
				"CODE_SIGN_IDENTITY[sdk=iphoneos*]" = "iPhone Developer";
				COPY_PHASE_STRIP = YES;
				ENABLE_NS_ASSERTIONS = NO;
				GCC_C_LANGUAGE_STANDARD = gnu99;
				GCC_WARN_64_TO_32_BIT_CONVERSION = YES;
				GCC_WARN_ABOUT_RETURN_TYPE = YES_ERROR;
				GCC_WARN_UNDECLARED_SELECTOR = YES;
				GCC_WARN_UNINITIALIZED_AUTOS = YES_AGGRESSIVE;
				GCC_WARN_UNUSED_FUNCTION = YES;
				GCC_WARN_UNUSED_VARIABLE = YES;
				IPHONEOS_DEPLOYMENT_TARGET = 7.1;
				SDKROOT = iphoneos;
				VALIDATE_PRODUCT = YES;
			};
			name = Release;
		};
		277F62D81956D7BB00ADD3DD /* Debug */ = {
			isa = XCBuildConfiguration;
			buildSettings = {
				ASSETCATALOG_COMPILER_APPICON_NAME = AppIcon;
				ASSETCATALOG_COMPILER_LAUNCHIMAGE_NAME = LaunchImage;
				GCC_PRECOMPILE_PREFIX_HEADER = YES;
				GCC_PREFIX_HEADER = "PresentationLayer/PresentationLayer-Prefix.pch";
				INFOPLIST_FILE = "PresentationLayer/PresentationLayer-Info.plist";
				LIBRARY_SEARCH_PATHS = (
					"$(inherited)",
					"/Users/zqp/Object-c/Myself/FangZhengJiaoWU/LogicAndDataLayer/build/Debug-iphoneos",
				);
				PRODUCT_NAME = "$(TARGET_NAME)";
				USER_HEADER_SEARCH_PATHS = "$(BUILT_PRODUCTS_DIR)/**";
				WRAPPER_EXTENSION = app;
			};
			name = Debug;
		};
		277F62D91956D7BB00ADD3DD /* Release */ = {
			isa = XCBuildConfiguration;
			buildSettings = {
				ASSETCATALOG_COMPILER_APPICON_NAME = AppIcon;
				ASSETCATALOG_COMPILER_LAUNCHIMAGE_NAME = LaunchImage;
				GCC_PRECOMPILE_PREFIX_HEADER = YES;
				GCC_PREFIX_HEADER = "PresentationLayer/PresentationLayer-Prefix.pch";
				INFOPLIST_FILE = "PresentationLayer/PresentationLayer-Info.plist";
				LIBRARY_SEARCH_PATHS = (
					"$(inherited)",
					"/Users/zqp/Object-c/Myself/FangZhengJiaoWU/LogicAndDataLayer/build/Debug-iphoneos",
				);
				PRODUCT_NAME = "$(TARGET_NAME)";
				USER_HEADER_SEARCH_PATHS = "$(BUILT_PRODUCTS_DIR)/**";
				WRAPPER_EXTENSION = app;
			};
			name = Release;
		};
		277F62DB1956D7BB00ADD3DD /* Debug */ = {
			isa = XCBuildConfiguration;
			buildSettings = {
				BUNDLE_LOADER = "$(BUILT_PRODUCTS_DIR)/PresentationLayer.app/PresentationLayer";
				FRAMEWORK_SEARCH_PATHS = (
					"$(SDKROOT)/Developer/Library/Frameworks",
					"$(inherited)",
					"$(DEVELOPER_FRAMEWORKS_DIR)",
				);
				GCC_PRECOMPILE_PREFIX_HEADER = YES;
				GCC_PREFIX_HEADER = "PresentationLayer/PresentationLayer-Prefix.pch";
				GCC_PREPROCESSOR_DEFINITIONS = (
					"DEBUG=1",
					"$(inherited)",
				);
				INFOPLIST_FILE = "PresentationLayerTests/PresentationLayerTests-Info.plist";
				PRODUCT_NAME = "$(TARGET_NAME)";
				TEST_HOST = "$(BUNDLE_LOADER)";
				WRAPPER_EXTENSION = xctest;
			};
			name = Debug;
		};
		277F62DC1956D7BB00ADD3DD /* Release */ = {
			isa = XCBuildConfiguration;
			buildSettings = {
				BUNDLE_LOADER = "$(BUILT_PRODUCTS_DIR)/PresentationLayer.app/PresentationLayer";
				FRAMEWORK_SEARCH_PATHS = (
					"$(SDKROOT)/Developer/Library/Frameworks",
					"$(inherited)",
					"$(DEVELOPER_FRAMEWORKS_DIR)",
				);
				GCC_PRECOMPILE_PREFIX_HEADER = YES;
				GCC_PREFIX_HEADER = "PresentationLayer/PresentationLayer-Prefix.pch";
				INFOPLIST_FILE = "PresentationLayerTests/PresentationLayerTests-Info.plist";
				PRODUCT_NAME = "$(TARGET_NAME)";
				TEST_HOST = "$(BUNDLE_LOADER)";
				WRAPPER_EXTENSION = xctest;
			};
			name = Release;
		};
/* End XCBuildConfiguration section */

/* Begin XCConfigurationList section */
		277F62A61956D7BB00ADD3DD /* Build configuration list for PBXProject "PresentationLayer" */ = {
			isa = XCConfigurationList;
			buildConfigurations = (
				277F62D51956D7BB00ADD3DD /* Debug */,
				277F62D61956D7BB00ADD3DD /* Release */,
			);
			defaultConfigurationIsVisible = 0;
			defaultConfigurationName = Release;
		};
		277F62D71956D7BB00ADD3DD /* Build configuration list for PBXNativeTarget "PresentationLayer" */ = {
			isa = XCConfigurationList;
			buildConfigurations = (
				277F62D81956D7BB00ADD3DD /* Debug */,
				277F62D91956D7BB00ADD3DD /* Release */,
			);
			defaultConfigurationIsVisible = 0;
		};
		277F62DA1956D7BB00ADD3DD /* Build configuration list for PBXNativeTarget "PresentationLayerTests" */ = {
			isa = XCConfigurationList;
			buildConfigurations = (
				277F62DB1956D7BB00ADD3DD /* Debug */,
				277F62DC1956D7BB00ADD3DD /* Release */,
			);
			defaultConfigurationIsVisible = 0;
		};
/* End XCConfigurationList section */
	};
	rootObject = 277F62A31956D7BB00ADD3DD /* Project object */;
}
