PODS:
  - AFNetworking (2.4.1):
    - AFNetworking/NSURLConnection
    - AFNetworking/NSURLSession
    - AFNetworking/Reachability
    - AFNetworking/Security
    - AFNetworking/Serialization
    - AFNetworking/UIKit
  - AFNetworking/NSURLConnection (2.4.1):
    - AFNetworking/Reachability
    - AFNetworking/Security
    - AFNetworking/Serialization
  - AFNetworking/NSURLSession (2.4.1):
    - AFNetworking/Reachability
    - AFNetworking/Security
    - AFNetworking/Serialization
  - AFNetworking/Reachability (2.4.1)
  - AFNetworking/Security (2.4.1)
  - AFNetworking/Serialization (2.4.1)
  - AFNetworking/UIKit (2.4.1):
    - AFNetworking/NSURLConnection
    - AFNetworking/NSURLSession
  - libextobjc (0.3):
    - libextobjc/EXTADT
    - libextobjc/EXTAnnotation
    - libextobjc/EXTAspect
    - libextobjc/EXTBlockMethod
    - libextobjc/EXTBlockTarget
    - libextobjc/EXTConcreteProtocol
    - libextobjc/EXTDispatchObject
    - libextobjc/EXTFinalMethod
    - libextobjc/EXTKeyPathCoding
    - libextobjc/EXTMaybe
    - libextobjc/EXTMixin
    - libextobjc/EXTMultimethod
    - libextobjc/EXTMultiObject
    - libextobjc/EXTNil
    - libextobjc/EXTPassthrough
    - libextobjc/EXTPrivateMethod
    - libextobjc/EXTProtocolCategory
    - libextobjc/EXTSafeCategory
    - libextobjc/EXTScope
    - libextobjc/EXTSelectorChecking
    - libextobjc/EXTSwizzle
    - libextobjc/EXTSynthesize
    - libextobjc/EXTTuple
    - libextobjc/EXTVarargs
    - libextobjc/NSInvocation+EXT
    - libextobjc/NSMethodSignature+EXT
    - libextobjc/RuntimeExtensions
    - libextobjc/UmbrellaHeader
  - libextobjc/EXTADT (0.3):
    - libextobjc/RuntimeExtensions
  - libextobjc/EXTAnnotation (0.3):
    - libextobjc/RuntimeExtensions
  - libextobjc/EXTAspect (0.3):
    - libextobjc/RuntimeExtensions
    - libffi
  - libextobjc/EXTBlockMethod (0.3):
    - libextobjc/RuntimeExtensions
  - libextobjc/EXTBlockTarget (0.3):
    - libextobjc/RuntimeExtensions
  - libextobjc/EXTConcreteProtocol (0.3):
    - libextobjc/RuntimeExtensions
  - libextobjc/EXTDispatchObject (0.3):
    - libextobjc/RuntimeExtensions
  - libextobjc/EXTFinalMethod (0.3):
    - libextobjc/RuntimeExtensions
  - libextobjc/EXTKeyPathCoding (0.3):
    - libextobjc/RuntimeExtensions
  - libextobjc/EXTMaybe (0.3):
    - libextobjc/RuntimeExtensions
  - libextobjc/EXTMixin (0.3):
    - libextobjc/RuntimeExtensions
  - libextobjc/EXTMultimethod (0.3):
    - libextobjc/RuntimeExtensions
  - libextobjc/EXTMultiObject (0.3):
    - libextobjc/RuntimeExtensions
  - libextobjc/EXTNil (0.3):
    - libextobjc/RuntimeExtensions
  - libextobjc/EXTPassthrough (0.3):
    - libextobjc/RuntimeExtensions
  - libextobjc/EXTPrivateMethod (0.3):
    - libextobjc/RuntimeExtensions
  - libextobjc/EXTProtocolCategory (0.3):
    - libextobjc/RuntimeExtensions
  - libextobjc/EXTSafeCategory (0.3):
    - libextobjc/RuntimeExtensions
  - libextobjc/EXTScope (0.3):
    - libextobjc/RuntimeExtensions
  - libextobjc/EXTSelectorChecking (0.3):
    - libextobjc/RuntimeExtensions
  - libextobjc/EXTSwizzle (0.3):
    - libextobjc/RuntimeExtensions
  - libextobjc/EXTSynthesize (0.3):
    - libextobjc/RuntimeExtensions
  - libextobjc/EXTTuple (0.3):
    - libextobjc/RuntimeExtensions
  - libextobjc/EXTVarargs (0.3):
    - libextobjc/RuntimeExtensions
  - libextobjc/NSInvocation+EXT (0.3):
    - libextobjc/RuntimeExtensions
  - libextobjc/NSMethodSignature+EXT (0.3):
    - libextobjc/RuntimeExtensions
  - libextobjc/RuntimeExtensions (0.3)
  - libextobjc/UmbrellaHeader (0.3)
  - libffi (3.0.13)
  - ReactiveCocoa (2.1.8):
    - ReactiveCocoa/Core
    - ReactiveCocoa/no-arc
  - ReactiveCocoa/Core (2.1.8):
    - ReactiveCocoa/no-arc
  - ReactiveCocoa/no-arc (2.1.8)
  - ReactiveViewModel (0.1.1):
    - ReactiveCocoa (~> 2.1)
  - UIColor-Utilities (1.0.1)

DEPENDENCIES:
  - AFNetworking (~> 2.0)
  - libextobjc (= 0.3)
  - ReactiveCocoa (= 2.1.8)
  - ReactiveViewModel (= 0.1.1)
  - UIColor-Utilities (= 1.0.1)

SPEC CHECKSUMS:
  AFNetworking: 0aabc6fae66d6e5d039eeb21c315843c7aae51ab
  libextobjc: f1b1ea2e42fbfe7ae5d4f8624bbb4f56002e8536
  libffi: c6c0bfc3b84872fd99e0e35f8d9665fc7a996f6f
  ReactiveCocoa: 399d3ad0c8ac73d79bed5bcd076a04f46ec635fc
  ReactiveViewModel: 5a678d4f2cb7b6f7f60b10f58c37e30f9db684a2
  UIColor-Utilities: 3f13aebe447f5e19c8d3aa18c194c53116b23537

COCOAPODS: 0.33.1
