PODS:
  - AFNetworking (2.4.1):
    - AFNetworking/NSURLConnection (= 2.4.1)
    - AFNetworking/NSURLSession (= 2.4.1)
    - AFNetworking/Reachability (= 2.4.1)
    - AFNetworking/Security (= 2.4.1)
    - AFNetworking/Serialization (= 2.4.1)
    - AFNetworking/UIKit (= 2.4.1)
  - AFNetworking/NSURLConnection (2.4.1):
    - AFNetworking/Reachability
    - AFNetworking/Security
    - AFNetworking/Serialization
  - AFNetworking/NSURLSession (2.4.1):
    - AFNetworking/Reachability
    - AFNetworking/Security
    - AFNetworking/Serialization
  - AFNetworking/Reachability (2.4.1)
  - AFNetworking/Security (2.4.1)
  - AFNetworking/Serialization (2.4.1)
  - AFNetworking/UIKit (2.4.1):
    - AFNetworking/NSURLConnection
    - AFNetworking/NSURLSession
  - libextobjc (0.3):
    - libextobjc/EXTADT (= 0.3)
    - libextobjc/EXTAnnotation (= 0.3)
    - libextobjc/EXTAspect (= 0.3)
    - libextobjc/EXTBlockMethod (= 0.3)
    - libextobjc/EXTBlockTarget (= 0.3)
    - libextobjc/EXTConcreteProtocol (= 0.3)
    - libextobjc/EXTDispatchObject (= 0.3)
    - libextobjc/EXTFinalMethod (= 0.3)
    - libextobjc/EXTKeyPathCoding (= 0.3)
    - libextobjc/EXTMaybe (= 0.3)
    - libextobjc/EXTMixin (= 0.3)
    - libextobjc/EXTMultimethod (= 0.3)
    - libextobjc/EXTMultiObject (= 0.3)
    - libextobjc/EXTNil (= 0.3)
    - libextobjc/EXTPassthrough (= 0.3)
    - libextobjc/EXTPrivateMethod (= 0.3)
    - libextobjc/EXTProtocolCategory (= 0.3)
    - libextobjc/EXTSafeCategory (= 0.3)
    - libextobjc/EXTScope (= 0.3)
    - libextobjc/EXTSelectorChecking (= 0.3)
    - libextobjc/EXTSwizzle (= 0.3)
    - libextobjc/EXTSynthesize (= 0.3)
    - libextobjc/EXTTuple (= 0.3)
    - libextobjc/EXTVarargs (= 0.3)
    - libextobjc/NSInvocation+EXT (= 0.3)
    - libextobjc/NSMethodSignature+EXT (= 0.3)
    - libextobjc/RuntimeExtensions (= 0.3)
    - libextobjc/UmbrellaHeader (= 0.3)
  - libextobjc/EXTADT (0.3):
    - libextobjc/RuntimeExtensions
  - libextobjc/EXTAnnotation (0.3):
    - libextobjc/RuntimeExtensions
  - libextobjc/EXTAspect (0.3):
    - libextobjc/RuntimeExtensions
    - libffi
  - libextobjc/EXTBlockMethod (0.3):
    - libextobjc/RuntimeExtensions
  - libextobjc/EXTBlockTarget (0.3):
    - libextobjc/RuntimeExtensions
  - libextobjc/EXTConcreteProtocol (0.3):
    - libextobjc/RuntimeExtensions
  - libextobjc/EXTDispatchObject (0.3):
    - libextobjc/RuntimeExtensions
  - libextobjc/EXTFinalMethod (0.3):
    - libextobjc/RuntimeExtensions
  - libextobjc/EXTKeyPathCoding (0.3):
    - libextobjc/RuntimeExtensions
  - libextobjc/EXTMaybe (0.3):
    - libextobjc/RuntimeExtensions
  - libextobjc/EXTMixin (0.3):
    - libextobjc/RuntimeExtensions
  - libextobjc/EXTMultimethod (0.3):
    - libextobjc/RuntimeExtensions
  - libextobjc/EXTMultiObject (0.3):
    - libextobjc/RuntimeExtensions
  - libextobjc/EXTNil (0.3):
    - libextobjc/RuntimeExtensions
  - libextobjc/EXTPassthrough (0.3):
    - libextobjc/RuntimeExtensions
  - libextobjc/EXTPrivateMethod (0.3):
    - libextobjc/RuntimeExtensions
  - libextobjc/EXTProtocolCategory (0.3):
    - libextobjc/RuntimeExtensions
  - libextobjc/EXTSafeCategory (0.3):
    - libextobjc/RuntimeExtensions
  - libextobjc/EXTScope (0.3):
    - libextobjc/RuntimeExtensions
  - libextobjc/EXTSelectorChecking (0.3):
    - libextobjc/RuntimeExtensions
  - libextobjc/EXTSwizzle (0.3):
    - libextobjc/RuntimeExtensions
  - libextobjc/EXTSynthesize (0.3):
    - libextobjc/RuntimeExtensions
  - libextobjc/EXTTuple (0.3):
    - libextobjc/RuntimeExtensions
  - libextobjc/EXTVarargs (0.3):
    - libextobjc/RuntimeExtensions
  - libextobjc/NSInvocation+EXT (0.3):
    - libextobjc/RuntimeExtensions
  - libextobjc/NSMethodSignature+EXT (0.3):
    - libextobjc/RuntimeExtensions
  - libextobjc/RuntimeExtensions (0.3)
  - libextobjc/UmbrellaHeader (0.3)
  - libffi (3.0.13)
  - ReactiveCocoa (2.1.8):
    - ReactiveCocoa/Core (= 2.1.8)
    - ReactiveCocoa/no-arc (= 2.1.8)
  - ReactiveCocoa/Core (2.1.8):
    - ReactiveCocoa/no-arc
  - ReactiveCocoa/no-arc (2.1.8)
  - ReactiveViewModel (0.1.1):
    - ReactiveCocoa (~> 2.1)
  - UIColor-Utilities (1.0.1)

DEPENDENCIES:
  - AFNetworking (~> 2.0)
  - libextobjc (= 0.3)
  - ReactiveCocoa (= 2.1.8)
  - ReactiveViewModel (= 0.1.1)
  - UIColor-Utilities (= 1.0.1)

SPEC CHECKSUMS:
  AFNetworking: 41d45d2c14219af0fa5addf3cfd433a002c13c9f
  libextobjc: 34cd4e77070160a3fa910db193e1e194e8591aa2
  libffi: 1f65dbbdb2c88491c06640dd3bb96030070ca97c
  ReactiveCocoa: f89f2e009a87951b50321bf9feb958823fcc617e
  ReactiveViewModel: 171492c2d30d3eb3c89730fd180c0f6a2ae7e774
  UIColor-Utilities: 6746a54dcdb3bc012dd7aeaeea5588ae2100beb2

COCOAPODS: 0.35.0
