// !$*UTF8*$!
{
	archiveVersion = 1;
	classes = {
	};
	objectVersion = 46;
	objects = {

/* Begin PBXBuildFile section */
		2795DD6618A51FAA00F0ADD0 /* Foundation.framework in Frameworks */ = {isa = PBXBuildFile; fileRef = 2795DD6518A51FAA00F0ADD0 /* Foundation.framework */; };
		2795DD6818A51FAA00F0ADD0 /* CoreGraphics.framework in Frameworks */ = {isa = PBXBuildFile; fileRef = 2795DD6718A51FAA00F0ADD0 /* CoreGraphics.framework */; };
		2795DD6A18A51FAA00F0ADD0 /* UIKit.framework in Frameworks */ = {isa = PBXBuildFile; fileRef = 2795DD6918A51FAA00F0ADD0 /* UIKit.framework */; };
		2795DD7018A51FAA00F0ADD0 /* InfoPlist.strings in Resources */ = {isa = PBXBuildFile; fileRef = 2795DD6E18A51FAA00F0ADD0 /* InfoPlist.strings */; };
		2795DD7218A51FAA00F0ADD0 /* main.m in Sources */ = {isa = PBXBuildFile; fileRef = 2795DD7118A51FAA00F0ADD0 /* main.m */; };
		2795DD7618A51FAA00F0ADD0 /* JiaoWuAppDelegate.m in Sources */ = {isa = PBXBuildFile; fileRef = 2795DD7518A51FAA00F0ADD0 /* JiaoWuAppDelegate.m */; };
		2795DD7918A51FAA00F0ADD0 /* Main.storyboard in Resources */ = {isa = PBXBuildFile; fileRef = 2795DD7718A51FAA00F0ADD0 /* Main.storyboard */; };
		2795DD7E18A51FAA00F0ADD0 /* Images.xcassets in Resources */ = {isa = PBXBuildFile; fileRef = 2795DD7D18A51FAA00F0ADD0 /* Images.xcassets */; };
		2795DD8518A51FAA00F0ADD0 /* XCTest.framework in Frameworks */ = {isa = PBXBuildFile; fileRef = 2795DD8418A51FAA00F0ADD0 /* XCTest.framework */; };
		2795DD8618A51FAA00F0ADD0 /* Foundation.framework in Frameworks */ = {isa = PBXBuildFile; fileRef = 2795DD6518A51FAA00F0ADD0 /* Foundation.framework */; };
		2795DD8718A51FAA00F0ADD0 /* UIKit.framework in Frameworks */ = {isa = PBXBuildFile; fileRef = 2795DD6918A51FAA00F0ADD0 /* UIKit.framework */; };
		2795DD8F18A51FAA00F0ADD0 /* InfoPlist.strings in Resources */ = {isa = PBXBuildFile; fileRef = 2795DD8D18A51FAA00F0ADD0 /* InfoPlist.strings */; };
		2795DD9118A51FAA00F0ADD0 /* JiaoWuXiTongTests.m in Sources */ = {isa = PBXBuildFile; fileRef = 2795DD9018A51FAA00F0ADD0 /* JiaoWuXiTongTests.m */; };
		27AAE65919C9C073001DA020 /* CourseViewModel.m in Sources */ = {isa = PBXBuildFile; fileRef = 27AAE65819C9C073001DA020 /* CourseViewModel.m */; };
		27E7AA3D19C2AD1C00E037AD /* libxml2.dylib in Frameworks */ = {isa = PBXBuildFile; fileRef = 27E7AA3C19C2AD1C00E037AD /* libxml2.dylib */; };
		27E7AA5A19C2EAA400E037AD /* CalDataModel.m in Sources */ = {isa = PBXBuildFile; fileRef = 27E7AA4619C2EAA400E037AD /* CalDataModel.m */; };
		27E7AA5B19C2EAA400E037AD /* KeBiaoViewController.m in Sources */ = {isa = PBXBuildFile; fileRef = 27E7AA4819C2EAA400E037AD /* KeBiaoViewController.m */; };
		27E7AA5C19C2EAA400E037AD /* TFHpple.m in Sources */ = {isa = PBXBuildFile; fileRef = 27E7AA4B19C2EAA400E037AD /* TFHpple.m */; };
		27E7AA5D19C2EAA400E037AD /* TFHppleElement.m in Sources */ = {isa = PBXBuildFile; fileRef = 27E7AA4D19C2EAA400E037AD /* TFHppleElement.m */; };
		27E7AA5E19C2EAA400E037AD /* XPathQuery.m in Sources */ = {isa = PBXBuildFile; fileRef = 27E7AA4F19C2EAA400E037AD /* XPathQuery.m */; };
		27E7AA5F19C2EAA400E037AD /* LoginViewController.m in Sources */ = {isa = PBXBuildFile; fileRef = 27E7AA5219C2EAA400E037AD /* LoginViewController.m */; };
		27E7AA6019C2EAA400E037AD /* DataModel.m in Sources */ = {isa = PBXBuildFile; fileRef = 27E7AA5519C2EAA400E037AD /* DataModel.m */; };
		27E7AA6119C2EAA400E037AD /* DataModelController.m in Sources */ = {isa = PBXBuildFile; fileRef = 27E7AA5719C2EAA400E037AD /* DataModelController.m */; };
		27E7AA6219C2EAA400E037AD /* FenShuViewController.m in Sources */ = {isa = PBXBuildFile; fileRef = 27E7AA5919C2EAA400E037AD /* FenShuViewController.m */; };
		27E7AA6819C2EFE200E037AD /* UserInfoManager.m in Sources */ = {isa = PBXBuildFile; fileRef = 27E7AA6719C2EFE200E037AD /* UserInfoManager.m */; };
		E05B4511AE5B449BA6D1FEF4 /* libPods.a in Frameworks */ = {isa = PBXBuildFile; fileRef = 8DB238E8E11348D0886AA18C /* libPods.a */; };
/* End PBXBuildFile section */

/* Begin PBXContainerItemProxy section */
		2795DD8818A51FAA00F0ADD0 /* PBXContainerItemProxy */ = {
			isa = PBXContainerItemProxy;
			containerPortal = 2795DD5A18A51FAA00F0ADD0 /* Project object */;
			proxyType = 1;
			remoteGlobalIDString = 2795DD6118A51FAA00F0ADD0;
			remoteInfo = JiaoWuXiTong;
		};
/* End PBXContainerItemProxy section */

/* Begin PBXFileReference section */
		2764470019C2A5160015FCDA /* libxml2.2.dylib */ = {isa = PBXFileReference; lastKnownFileType = "compiled.mach-o.dylib"; name = libxml2.2.dylib; path = usr/lib/libxml2.2.dylib; sourceTree = SDKROOT; };
		2795DD6218A51FAA00F0ADD0 /* JiaoWuXiTong.app */ = {isa = PBXFileReference; explicitFileType = wrapper.application; includeInIndex = 0; path = JiaoWuXiTong.app; sourceTree = BUILT_PRODUCTS_DIR; };
		2795DD6518A51FAA00F0ADD0 /* Foundation.framework */ = {isa = PBXFileReference; lastKnownFileType = wrapper.framework; name = Foundation.framework; path = System/Library/Frameworks/Foundation.framework; sourceTree = SDKROOT; };
		2795DD6718A51FAA00F0ADD0 /* CoreGraphics.framework */ = {isa = PBXFileReference; lastKnownFileType = wrapper.framework; name = CoreGraphics.framework; path = System/Library/Frameworks/CoreGraphics.framework; sourceTree = SDKROOT; };
		2795DD6918A51FAA00F0ADD0 /* UIKit.framework */ = {isa = PBXFileReference; lastKnownFileType = wrapper.framework; name = UIKit.framework; path = System/Library/Frameworks/UIKit.framework; sourceTree = SDKROOT; };
		2795DD6D18A51FAA00F0ADD0 /* JiaoWuXiTong-Info.plist */ = {isa = PBXFileReference; lastKnownFileType = text.plist.xml; path = "JiaoWuXiTong-Info.plist"; sourceTree = "<group>"; };
		2795DD6F18A51FAA00F0ADD0 /* en */ = {isa = PBXFileReference; lastKnownFileType = text.plist.strings; name = en; path = en.lproj/InfoPlist.strings; sourceTree = "<group>"; };
		2795DD7118A51FAA00F0ADD0 /* main.m */ = {isa = PBXFileReference; lastKnownFileType = sourcecode.c.objc; path = main.m; sourceTree = "<group>"; };
		2795DD7318A51FAA00F0ADD0 /* JiaoWuXiTong-Prefix.pch */ = {isa = PBXFileReference; lastKnownFileType = sourcecode.c.h; path = "JiaoWuXiTong-Prefix.pch"; sourceTree = "<group>"; };
		2795DD7418A51FAA00F0ADD0 /* JiaoWuAppDelegate.h */ = {isa = PBXFileReference; lastKnownFileType = sourcecode.c.h; path = JiaoWuAppDelegate.h; sourceTree = "<group>"; };
		2795DD7518A51FAA00F0ADD0 /* JiaoWuAppDelegate.m */ = {isa = PBXFileReference; lastKnownFileType = sourcecode.c.objc; path = JiaoWuAppDelegate.m; sourceTree = "<group>"; };
		2795DD7818A51FAA00F0ADD0 /* Base */ = {isa = PBXFileReference; lastKnownFileType = file.storyboard; name = Base; path = Base.lproj/Main.storyboard; sourceTree = "<group>"; };
		2795DD7D18A51FAA00F0ADD0 /* Images.xcassets */ = {isa = PBXFileReference; lastKnownFileType = folder.assetcatalog; path = Images.xcassets; sourceTree = "<group>"; };
		2795DD8318A51FAA00F0ADD0 /* JiaoWuXiTongTests.xctest */ = {isa = PBXFileReference; explicitFileType = wrapper.cfbundle; includeInIndex = 0; path = JiaoWuXiTongTests.xctest; sourceTree = BUILT_PRODUCTS_DIR; };
		2795DD8418A51FAA00F0ADD0 /* XCTest.framework */ = {isa = PBXFileReference; lastKnownFileType = wrapper.framework; name = XCTest.framework; path = Library/Frameworks/XCTest.framework; sourceTree = DEVELOPER_DIR; };
		2795DD8C18A51FAA00F0ADD0 /* JiaoWuXiTongTests-Info.plist */ = {isa = PBXFileReference; lastKnownFileType = text.plist.xml; path = "JiaoWuXiTongTests-Info.plist"; sourceTree = "<group>"; };
		2795DD8E18A51FAA00F0ADD0 /* en */ = {isa = PBXFileReference; lastKnownFileType = text.plist.strings; name = en; path = en.lproj/InfoPlist.strings; sourceTree = "<group>"; };
		2795DD9018A51FAA00F0ADD0 /* JiaoWuXiTongTests.m */ = {isa = PBXFileReference; lastKnownFileType = sourcecode.c.objc; path = JiaoWuXiTongTests.m; sourceTree = "<group>"; };
		27AAE65719C9C072001DA020 /* CourseViewModel.h */ = {isa = PBXFileReference; fileEncoding = 4; lastKnownFileType = sourcecode.c.h; path = CourseViewModel.h; sourceTree = "<group>"; };
		27AAE65819C9C073001DA020 /* CourseViewModel.m */ = {isa = PBXFileReference; fileEncoding = 4; lastKnownFileType = sourcecode.c.objc; path = CourseViewModel.m; sourceTree = "<group>"; };
		27E7AA3C19C2AD1C00E037AD /* libxml2.dylib */ = {isa = PBXFileReference; lastKnownFileType = "compiled.mach-o.dylib"; name = libxml2.dylib; path = usr/lib/libxml2.dylib; sourceTree = SDKROOT; };
		27E7AA4519C2EAA400E037AD /* CalDataModel.h */ = {isa = PBXFileReference; fileEncoding = 4; lastKnownFileType = sourcecode.c.h; path = CalDataModel.h; sourceTree = "<group>"; };
		27E7AA4619C2EAA400E037AD /* CalDataModel.m */ = {isa = PBXFileReference; fileEncoding = 4; lastKnownFileType = sourcecode.c.objc; path = CalDataModel.m; sourceTree = "<group>"; };
		27E7AA4719C2EAA400E037AD /* KeBiaoViewController.h */ = {isa = PBXFileReference; fileEncoding = 4; lastKnownFileType = sourcecode.c.h; path = KeBiaoViewController.h; sourceTree = "<group>"; };
		27E7AA4819C2EAA400E037AD /* KeBiaoViewController.m */ = {isa = PBXFileReference; fileEncoding = 4; lastKnownFileType = sourcecode.c.objc; path = KeBiaoViewController.m; sourceTree = "<group>"; };
		27E7AA4A19C2EAA400E037AD /* TFHpple.h */ = {isa = PBXFileReference; fileEncoding = 4; lastKnownFileType = sourcecode.c.h; path = TFHpple.h; sourceTree = "<group>"; };
		27E7AA4B19C2EAA400E037AD /* TFHpple.m */ = {isa = PBXFileReference; fileEncoding = 4; lastKnownFileType = sourcecode.c.objc; path = TFHpple.m; sourceTree = "<group>"; };
		27E7AA4C19C2EAA400E037AD /* TFHppleElement.h */ = {isa = PBXFileReference; fileEncoding = 4; lastKnownFileType = sourcecode.c.h; path = TFHppleElement.h; sourceTree = "<group>"; };
		27E7AA4D19C2EAA400E037AD /* TFHppleElement.m */ = {isa = PBXFileReference; fileEncoding = 4; lastKnownFileType = sourcecode.c.objc; path = TFHppleElement.m; sourceTree = "<group>"; };
		27E7AA4E19C2EAA400E037AD /* XPathQuery.h */ = {isa = PBXFileReference; fileEncoding = 4; lastKnownFileType = sourcecode.c.h; path = XPathQuery.h; sourceTree = "<group>"; };
		27E7AA4F19C2EAA400E037AD /* XPathQuery.m */ = {isa = PBXFileReference; fileEncoding = 4; lastKnownFileType = sourcecode.c.objc; path = XPathQuery.m; sourceTree = "<group>"; };
		27E7AA5119C2EAA400E037AD /* LoginViewController.h */ = {isa = PBXFileReference; fileEncoding = 4; lastKnownFileType = sourcecode.c.h; path = LoginViewController.h; sourceTree = "<group>"; };
		27E7AA5219C2EAA400E037AD /* LoginViewController.m */ = {isa = PBXFileReference; fileEncoding = 4; lastKnownFileType = sourcecode.c.objc; path = LoginViewController.m; sourceTree = "<group>"; };
		27E7AA5419C2EAA400E037AD /* DataModel.h */ = {isa = PBXFileReference; fileEncoding = 4; lastKnownFileType = sourcecode.c.h; path = DataModel.h; sourceTree = "<group>"; };
		27E7AA5519C2EAA400E037AD /* DataModel.m */ = {isa = PBXFileReference; fileEncoding = 4; lastKnownFileType = sourcecode.c.objc; path = DataModel.m; sourceTree = "<group>"; };
		27E7AA5619C2EAA400E037AD /* DataModelController.h */ = {isa = PBXFileReference; fileEncoding = 4; lastKnownFileType = sourcecode.c.h; path = DataModelController.h; sourceTree = "<group>"; };
		27E7AA5719C2EAA400E037AD /* DataModelController.m */ = {isa = PBXFileReference; fileEncoding = 4; lastKnownFileType = sourcecode.c.objc; path = DataModelController.m; sourceTree = "<group>"; };
		27E7AA5819C2EAA400E037AD /* FenShuViewController.h */ = {isa = PBXFileReference; fileEncoding = 4; lastKnownFileType = sourcecode.c.h; path = FenShuViewController.h; sourceTree = "<group>"; };
		27E7AA5919C2EAA400E037AD /* FenShuViewController.m */ = {isa = PBXFileReference; fileEncoding = 4; lastKnownFileType = sourcecode.c.objc; path = FenShuViewController.m; sourceTree = "<group>"; };
		27E7AA6619C2EFE200E037AD /* UserInfoManager.h */ = {isa = PBXFileReference; fileEncoding = 4; lastKnownFileType = sourcecode.c.h; path = UserInfoManager.h; sourceTree = "<group>"; };
		27E7AA6719C2EFE200E037AD /* UserInfoManager.m */ = {isa = PBXFileReference; fileEncoding = 4; lastKnownFileType = sourcecode.c.objc; path = UserInfoManager.m; sourceTree = "<group>"; };
		3254331E6030405CB647EA06 /* Pods.xcconfig */ = {isa = PBXFileReference; includeInIndex = 1; lastKnownFileType = text.xcconfig; name = Pods.xcconfig; path = Pods/Pods.xcconfig; sourceTree = "<group>"; };
		8DB238E8E11348D0886AA18C /* libPods.a */ = {isa = PBXFileReference; explicitFileType = archive.ar; includeInIndex = 0; path = libPods.a; sourceTree = BUILT_PRODUCTS_DIR; };
/* End PBXFileReference section */

/* Begin PBXFrameworksBuildPhase section */
		2795DD5F18A51FAA00F0ADD0 /* Frameworks */ = {
			isa = PBXFrameworksBuildPhase;
			buildActionMask = 2147483647;
			files = (
				27E7AA3D19C2AD1C00E037AD /* libxml2.dylib in Frameworks */,
				2795DD6818A51FAA00F0ADD0 /* CoreGraphics.framework in Frameworks */,
				2795DD6A18A51FAA00F0ADD0 /* UIKit.framework in Frameworks */,
				2795DD6618A51FAA00F0ADD0 /* Foundation.framework in Frameworks */,
				E05B4511AE5B449BA6D1FEF4 /* libPods.a in Frameworks */,
			);
			runOnlyForDeploymentPostprocessing = 0;
		};
		2795DD8018A51FAA00F0ADD0 /* Frameworks */ = {
			isa = PBXFrameworksBuildPhase;
			buildActionMask = 2147483647;
			files = (
				2795DD8518A51FAA00F0ADD0 /* XCTest.framework in Frameworks */,
				2795DD8718A51FAA00F0ADD0 /* UIKit.framework in Frameworks */,
				2795DD8618A51FAA00F0ADD0 /* Foundation.framework in Frameworks */,
			);
			runOnlyForDeploymentPostprocessing = 0;
		};
/* End PBXFrameworksBuildPhase section */

/* Begin PBXGroup section */
		2795DD5918A51FAA00F0ADD0 = {
			isa = PBXGroup;
			children = (
				2795DD6B18A51FAA00F0ADD0 /* JiaoWuXiTong */,
				2795DD8A18A51FAA00F0ADD0 /* JiaoWuXiTongTests */,
				2795DD6418A51FAA00F0ADD0 /* Frameworks */,
				2795DD6318A51FAA00F0ADD0 /* Products */,
				3254331E6030405CB647EA06 /* Pods.xcconfig */,
			);
			sourceTree = "<group>";
		};
		2795DD6318A51FAA00F0ADD0 /* Products */ = {
			isa = PBXGroup;
			children = (
				2795DD6218A51FAA00F0ADD0 /* JiaoWuXiTong.app */,
				2795DD8318A51FAA00F0ADD0 /* JiaoWuXiTongTests.xctest */,
			);
			name = Products;
			sourceTree = "<group>";
		};
		2795DD6418A51FAA00F0ADD0 /* Frameworks */ = {
			isa = PBXGroup;
			children = (
				27E7AA3C19C2AD1C00E037AD /* libxml2.dylib */,
				2764470019C2A5160015FCDA /* libxml2.2.dylib */,
				2795DD6518A51FAA00F0ADD0 /* Foundation.framework */,
				2795DD6718A51FAA00F0ADD0 /* CoreGraphics.framework */,
				2795DD6918A51FAA00F0ADD0 /* UIKit.framework */,
				2795DD8418A51FAA00F0ADD0 /* XCTest.framework */,
				8DB238E8E11348D0886AA18C /* libPods.a */,
			);
			name = Frameworks;
			sourceTree = "<group>";
		};
		2795DD6B18A51FAA00F0ADD0 /* JiaoWuXiTong */ = {
			isa = PBXGroup;
			children = (
				2795DD7418A51FAA00F0ADD0 /* JiaoWuAppDelegate.h */,
				2795DD7518A51FAA00F0ADD0 /* JiaoWuAppDelegate.m */,
				27E7AA6619C2EFE200E037AD /* UserInfoManager.h */,
				27E7AA6719C2EFE200E037AD /* UserInfoManager.m */,
				2795DD7718A51FAA00F0ADD0 /* Main.storyboard */,
				2795DD7D18A51FAA00F0ADD0 /* Images.xcassets */,
				27E7AA4419C2EAA400E037AD /* Course */,
				27E7AA4919C2EAA400E037AD /* HtmlParse */,
				27E7AA5019C2EAA400E037AD /* Login */,
				27E7AA5319C2EAA400E037AD /* Score */,
				2795DD6C18A51FAA00F0ADD0 /* Supporting Files */,
			);
			path = JiaoWuXiTong;
			sourceTree = "<group>";
		};
		2795DD6C18A51FAA00F0ADD0 /* Supporting Files */ = {
			isa = PBXGroup;
			children = (
				2795DD6D18A51FAA00F0ADD0 /* JiaoWuXiTong-Info.plist */,
				2795DD6E18A51FAA00F0ADD0 /* InfoPlist.strings */,
				2795DD7118A51FAA00F0ADD0 /* main.m */,
				2795DD7318A51FAA00F0ADD0 /* JiaoWuXiTong-Prefix.pch */,
			);
			name = "Supporting Files";
			sourceTree = "<group>";
		};
		2795DD8A18A51FAA00F0ADD0 /* JiaoWuXiTongTests */ = {
			isa = PBXGroup;
			children = (
				2795DD9018A51FAA00F0ADD0 /* JiaoWuXiTongTests.m */,
				2795DD8B18A51FAA00F0ADD0 /* Supporting Files */,
			);
			path = JiaoWuXiTongTests;
			sourceTree = "<group>";
		};
		2795DD8B18A51FAA00F0ADD0 /* Supporting Files */ = {
			isa = PBXGroup;
			children = (
				2795DD8C18A51FAA00F0ADD0 /* JiaoWuXiTongTests-Info.plist */,
				2795DD8D18A51FAA00F0ADD0 /* InfoPlist.strings */,
			);
			name = "Supporting Files";
			sourceTree = "<group>";
		};
		27E7AA4419C2EAA400E037AD /* Course */ = {
			isa = PBXGroup;
			children = (
				27E7AA4519C2EAA400E037AD /* CalDataModel.h */,
				27E7AA4619C2EAA400E037AD /* CalDataModel.m */,
				27AAE65719C9C072001DA020 /* CourseViewModel.h */,
				27AAE65819C9C073001DA020 /* CourseViewModel.m */,
				27E7AA4719C2EAA400E037AD /* KeBiaoViewController.h */,
				27E7AA4819C2EAA400E037AD /* KeBiaoViewController.m */,
			);
			path = Course;
			sourceTree = "<group>";
		};
		27E7AA4919C2EAA400E037AD /* HtmlParse */ = {
			isa = PBXGroup;
			children = (
				27E7AA4A19C2EAA400E037AD /* TFHpple.h */,
				27E7AA4B19C2EAA400E037AD /* TFHpple.m */,
				27E7AA4C19C2EAA400E037AD /* TFHppleElement.h */,
				27E7AA4D19C2EAA400E037AD /* TFHppleElement.m */,
				27E7AA4E19C2EAA400E037AD /* XPathQuery.h */,
				27E7AA4F19C2EAA400E037AD /* XPathQuery.m */,
			);
			path = HtmlParse;
			sourceTree = "<group>";
		};
		27E7AA5019C2EAA400E037AD /* Login */ = {
			isa = PBXGroup;
			children = (
				27E7AA5119C2EAA400E037AD /* LoginViewController.h */,
				27E7AA5219C2EAA400E037AD /* LoginViewController.m */,
			);
			path = Login;
			sourceTree = "<group>";
		};
		27E7AA5319C2EAA400E037AD /* Score */ = {
			isa = PBXGroup;
			children = (
				27E7AA5419C2EAA400E037AD /* DataModel.h */,
				27E7AA5519C2EAA400E037AD /* DataModel.m */,
				27E7AA5619C2EAA400E037AD /* DataModelController.h */,
				27E7AA5719C2EAA400E037AD /* DataModelController.m */,
				27E7AA5819C2EAA400E037AD /* FenShuViewController.h */,
				27E7AA5919C2EAA400E037AD /* FenShuViewController.m */,
			);
			path = Score;
			sourceTree = "<group>";
		};
/* End PBXGroup section */

/* Begin PBXNativeTarget section */
		2795DD6118A51FAA00F0ADD0 /* JiaoWuXiTong */ = {
			isa = PBXNativeTarget;
			buildConfigurationList = 2795DD9418A51FAA00F0ADD0 /* Build configuration list for PBXNativeTarget "JiaoWuXiTong" */;
			buildPhases = (
				A9612DACF271425C9BFE50D1 /* Check Pods Manifest.lock */,
				2795DD5E18A51FAA00F0ADD0 /* Sources */,
				2795DD5F18A51FAA00F0ADD0 /* Frameworks */,
				2795DD6018A51FAA00F0ADD0 /* Resources */,
				E0EE730519464336BDA673BA /* Copy Pods Resources */,
			);
			buildRules = (
			);
			dependencies = (
			);
			name = JiaoWuXiTong;
			productName = JiaoWuXiTong;
			productReference = 2795DD6218A51FAA00F0ADD0 /* JiaoWuXiTong.app */;
			productType = "com.apple.product-type.application";
		};
		2795DD8218A51FAA00F0ADD0 /* JiaoWuXiTongTests */ = {
			isa = PBXNativeTarget;
			buildConfigurationList = 2795DD9718A51FAA00F0ADD0 /* Build configuration list for PBXNativeTarget "JiaoWuXiTongTests" */;
			buildPhases = (
				2795DD7F18A51FAA00F0ADD0 /* Sources */,
				2795DD8018A51FAA00F0ADD0 /* Frameworks */,
				2795DD8118A51FAA00F0ADD0 /* Resources */,
			);
			buildRules = (
			);
			dependencies = (
				2795DD8918A51FAA00F0ADD0 /* PBXTargetDependency */,
			);
			name = JiaoWuXiTongTests;
			productName = JiaoWuXiTongTests;
			productReference = 2795DD8318A51FAA00F0ADD0 /* JiaoWuXiTongTests.xctest */;
			productType = "com.apple.product-type.bundle.unit-test";
		};
/* End PBXNativeTarget section */

/* Begin PBXProject section */
		2795DD5A18A51FAA00F0ADD0 /* Project object */ = {
			isa = PBXProject;
			attributes = {
				CLASSPREFIX = JiaoWu;
				LastUpgradeCheck = 0510;
				ORGANIZATIONNAME = ZQP;
				TargetAttributes = {
					2795DD8218A51FAA00F0ADD0 = {
						TestTargetID = 2795DD6118A51FAA00F0ADD0;
					};
				};
			};
			buildConfigurationList = 2795DD5D18A51FAA00F0ADD0 /* Build configuration list for PBXProject "JiaoWuXiTong" */;
			compatibilityVersion = "Xcode 3.2";
			developmentRegion = English;
			hasScannedForEncodings = 0;
			knownRegions = (
				en,
				Base,
			);
			mainGroup = 2795DD5918A51FAA00F0ADD0;
			productRefGroup = 2795DD6318A51FAA00F0ADD0 /* Products */;
			projectDirPath = "";
			projectRoot = "";
			targets = (
				2795DD6118A51FAA00F0ADD0 /* JiaoWuXiTong */,
				2795DD8218A51FAA00F0ADD0 /* JiaoWuXiTongTests */,
			);
		};
/* End PBXProject section */

/* Begin PBXResourcesBuildPhase section */
		2795DD6018A51FAA00F0ADD0 /* Resources */ = {
			isa = PBXResourcesBuildPhase;
			buildActionMask = 2147483647;
			files = (
				2795DD7E18A51FAA00F0ADD0 /* Images.xcassets in Resources */,
				2795DD7018A51FAA00F0ADD0 /* InfoPlist.strings in Resources */,
				2795DD7918A51FAA00F0ADD0 /* Main.storyboard in Resources */,
			);
			runOnlyForDeploymentPostprocessing = 0;
		};
		2795DD8118A51FAA00F0ADD0 /* Resources */ = {
			isa = PBXResourcesBuildPhase;
			buildActionMask = 2147483647;
			files = (
				2795DD8F18A51FAA00F0ADD0 /* InfoPlist.strings in Resources */,
			);
			runOnlyForDeploymentPostprocessing = 0;
		};
/* End PBXResourcesBuildPhase section */

/* Begin PBXShellScriptBuildPhase section */
		A9612DACF271425C9BFE50D1 /* Check Pods Manifest.lock */ = {
			isa = PBXShellScriptBuildPhase;
			buildActionMask = 2147483647;
			files = (
			);
			inputPaths = (
			);
			name = "Check Pods Manifest.lock";
			outputPaths = (
			);
			runOnlyForDeploymentPostprocessing = 0;
			shellPath = /bin/sh;
			shellScript = "diff \"${PODS_ROOT}/../Podfile.lock\" \"${PODS_ROOT}/Manifest.lock\" > /dev/null\nif [[ $? != 0 ]] ; then\n    cat << EOM\nerror: The sandbox is not in sync with the Podfile.lock. Run 'pod install' or update your CocoaPods installation.\nEOM\n    exit 1\nfi\n";
			showEnvVarsInLog = 0;
		};
		E0EE730519464336BDA673BA /* Copy Pods Resources */ = {
			isa = PBXShellScriptBuildPhase;
			buildActionMask = 2147483647;
			files = (
			);
			inputPaths = (
			);
			name = "Copy Pods Resources";
			outputPaths = (
			);
			runOnlyForDeploymentPostprocessing = 0;
			shellPath = /bin/sh;
			shellScript = "\"${SRCROOT}/Pods/Pods-resources.sh\"\n";
			showEnvVarsInLog = 0;
		};
/* End PBXShellScriptBuildPhase section */

/* Begin PBXSourcesBuildPhase section */
		2795DD5E18A51FAA00F0ADD0 /* Sources */ = {
			isa = PBXSourcesBuildPhase;
			buildActionMask = 2147483647;
			files = (
				27E7AA5D19C2EAA400E037AD /* TFHppleElement.m in Sources */,
				27AAE65919C9C073001DA020 /* CourseViewModel.m in Sources */,
				27E7AA6119C2EAA400E037AD /* DataModelController.m in Sources */,
				27E7AA5E19C2EAA400E037AD /* XPathQuery.m in Sources */,
				27E7AA6019C2EAA400E037AD /* DataModel.m in Sources */,
				27E7AA5C19C2EAA400E037AD /* TFHpple.m in Sources */,
				27E7AA5A19C2EAA400E037AD /* CalDataModel.m in Sources */,
				2795DD7218A51FAA00F0ADD0 /* main.m in Sources */,
				27E7AA6219C2EAA400E037AD /* FenShuViewController.m in Sources */,
				2795DD7618A51FAA00F0ADD0 /* JiaoWuAppDelegate.m in Sources */,
				27E7AA5B19C2EAA400E037AD /* KeBiaoViewController.m in Sources */,
				27E7AA6819C2EFE200E037AD /* UserInfoManager.m in Sources */,
				27E7AA5F19C2EAA400E037AD /* LoginViewController.m in Sources */,
			);
			runOnlyForDeploymentPostprocessing = 0;
		};
		2795DD7F18A51FAA00F0ADD0 /* Sources */ = {
			isa = PBXSourcesBuildPhase;
			buildActionMask = 2147483647;
			files = (
				2795DD9118A51FAA00F0ADD0 /* JiaoWuXiTongTests.m in Sources */,
			);
			runOnlyForDeploymentPostprocessing = 0;
		};
/* End PBXSourcesBuildPhase section */

/* Begin PBXTargetDependency section */
		2795DD8918A51FAA00F0ADD0 /* PBXTargetDependency */ = {
			isa = PBXTargetDependency;
			target = 2795DD6118A51FAA00F0ADD0 /* JiaoWuXiTong */;
			targetProxy = 2795DD8818A51FAA00F0ADD0 /* PBXContainerItemProxy */;
		};
/* End PBXTargetDependency section */

/* Begin PBXVariantGroup section */
		2795DD6E18A51FAA00F0ADD0 /* InfoPlist.strings */ = {
			isa = PBXVariantGroup;
			children = (
				2795DD6F18A51FAA00F0ADD0 /* en */,
			);
			name = InfoPlist.strings;
			sourceTree = "<group>";
		};
		2795DD7718A51FAA00F0ADD0 /* Main.storyboard */ = {
			isa = PBXVariantGroup;
			children = (
				2795DD7818A51FAA00F0ADD0 /* Base */,
			);
			name = Main.storyboard;
			sourceTree = "<group>";
		};
		2795DD8D18A51FAA00F0ADD0 /* InfoPlist.strings */ = {
			isa = PBXVariantGroup;
			children = (
				2795DD8E18A51FAA00F0ADD0 /* en */,
			);
			name = InfoPlist.strings;
			sourceTree = "<group>";
		};
/* End PBXVariantGroup section */

/* Begin XCBuildConfiguration section */
		2795DD9218A51FAA00F0ADD0 /* Debug */ = {
			isa = XCBuildConfiguration;
			buildSettings = {
				ALWAYS_SEARCH_USER_PATHS = NO;
				CLANG_CXX_LANGUAGE_STANDARD = "gnu++0x";
				CLANG_CXX_LIBRARY = "libc++";
				CLANG_ENABLE_MODULES = YES;
				CLANG_ENABLE_OBJC_ARC = YES;
				CLANG_WARN_BOOL_CONVERSION = YES;
				CLANG_WARN_CONSTANT_CONVERSION = YES;
				CLANG_WARN_DIRECT_OBJC_ISA_USAGE = YES_ERROR;
				CLANG_WARN_EMPTY_BODY = YES;
				CLANG_WARN_ENUM_CONVERSION = YES;
				CLANG_WARN_INT_CONVERSION = YES;
				CLANG_WARN_OBJC_ROOT_CLASS = YES_ERROR;
				CLANG_WARN__DUPLICATE_METHOD_MATCH = YES;
				"CODE_SIGN_IDENTITY[sdk=iphoneos*]" = "iPhone Developer";
				COPY_PHASE_STRIP = NO;
				GCC_C_LANGUAGE_STANDARD = gnu99;
				GCC_DYNAMIC_NO_PIC = NO;
				GCC_OPTIMIZATION_LEVEL = 0;
				GCC_PREPROCESSOR_DEFINITIONS = (
					"DEBUG=1",
					"$(inherited)",
				);
				GCC_SYMBOLS_PRIVATE_EXTERN = NO;
				GCC_WARN_64_TO_32_BIT_CONVERSION = YES;
				GCC_WARN_ABOUT_RETURN_TYPE = YES_ERROR;
				GCC_WARN_UNDECLARED_SELECTOR = YES;
				GCC_WARN_UNINITIALIZED_AUTOS = YES;
				GCC_WARN_UNUSED_FUNCTION = YES;
				GCC_WARN_UNUSED_VARIABLE = YES;
				HEADER_SEARCH_PATHS = (
					"$(inherited)",
					/Applications/Xcode.app/Contents/Developer/Toolchains/XcodeDefault.xctoolchain/usr/include,
					"${SDKROOT}/usr/include/libxml2",
				);
				IPHONEOS_DEPLOYMENT_TARGET = 7.0;
				ONLY_ACTIVE_ARCH = YES;
				SDKROOT = iphoneos;
			};
			name = Debug;
		};
		2795DD9318A51FAA00F0ADD0 /* Release */ = {
			isa = XCBuildConfiguration;
			buildSettings = {
				ALWAYS_SEARCH_USER_PATHS = NO;
				CLANG_CXX_LANGUAGE_STANDARD = "gnu++0x";
				CLANG_CXX_LIBRARY = "libc++";
				CLANG_ENABLE_MODULES = YES;
				CLANG_ENABLE_OBJC_ARC = YES;
				CLANG_WARN_BOOL_CONVERSION = YES;
				CLANG_WARN_CONSTANT_CONVERSION = YES;
				CLANG_WARN_DIRECT_OBJC_ISA_USAGE = YES_ERROR;
				CLANG_WARN_EMPTY_BODY = YES;
				CLANG_WARN_ENUM_CONVERSION = YES;
				CLANG_WARN_INT_CONVERSION = YES;
				CLANG_WARN_OBJC_ROOT_CLASS = YES_ERROR;
				CLANG_WARN__DUPLICATE_METHOD_MATCH = YES;
				"CODE_SIGN_IDENTITY[sdk=iphoneos*]" = "iPhone Developer";
				COPY_PHASE_STRIP = YES;
				ENABLE_NS_ASSERTIONS = NO;
				GCC_C_LANGUAGE_STANDARD = gnu99;
				GCC_WARN_64_TO_32_BIT_CONVERSION = YES;
				GCC_WARN_ABOUT_RETURN_TYPE = YES_ERROR;
				GCC_WARN_UNDECLARED_SELECTOR = YES;
				GCC_WARN_UNINITIALIZED_AUTOS = YES;
				GCC_WARN_UNUSED_FUNCTION = YES;
				GCC_WARN_UNUSED_VARIABLE = YES;
				HEADER_SEARCH_PATHS = (
					"$(inherited)",
					/Applications/Xcode.app/Contents/Developer/Toolchains/XcodeDefault.xctoolchain/usr/include,
					"${SDKROOT}/usr/include/libxml2",
				);
				IPHONEOS_DEPLOYMENT_TARGET = 7.0;
				SDKROOT = iphoneos;
				VALIDATE_PRODUCT = YES;
			};
			name = Release;
		};
		2795DD9518A51FAA00F0ADD0 /* Debug */ = {
			isa = XCBuildConfiguration;
			baseConfigurationReference = 3254331E6030405CB647EA06 /* Pods.xcconfig */;
			buildSettings = {
				ASSETCATALOG_COMPILER_APPICON_NAME = AppIcon;
				ASSETCATALOG_COMPILER_LAUNCHIMAGE_NAME = LaunchImage;
				GCC_PRECOMPILE_PREFIX_HEADER = YES;
				GCC_PREFIX_HEADER = "JiaoWuXiTong/JiaoWuXiTong-Prefix.pch";
				HEADER_SEARCH_PATHS = (
					"\"${PODS_ROOT}/Headers\"",
					"\"${PODS_ROOT}/Headers/AFNetworking\"",
					"\"${PODS_ROOT}/Headers/ReactiveCocoa\"",
					"\"${PODS_ROOT}/Headers/ReactiveCocoa/ReactiveCocoa\"",
					"\"${PODS_ROOT}/Headers/ReactiveViewModel\"",
					"\"${PODS_ROOT}/Headers/UIColor-Utilities\"",
					"${SDKROOT}/usr/include/libxml2",
				);
				INFOPLIST_FILE = "JiaoWuXiTong/JiaoWuXiTong-Info.plist";
				IPHONEOS_DEPLOYMENT_TARGET = 7.0;
				PRODUCT_NAME = "$(TARGET_NAME)";
				WRAPPER_EXTENSION = app;
			};
			name = Debug;
		};
		2795DD9618A51FAA00F0ADD0 /* Release */ = {
			isa = XCBuildConfiguration;
			baseConfigurationReference = 3254331E6030405CB647EA06 /* Pods.xcconfig */;
			buildSettings = {
				ASSETCATALOG_COMPILER_APPICON_NAME = AppIcon;
				ASSETCATALOG_COMPILER_LAUNCHIMAGE_NAME = LaunchImage;
				"CODE_SIGN_IDENTITY[sdk=iphoneos*]" = "iPhone Developer: yang liu (274AR9H38U)";
				GCC_PRECOMPILE_PREFIX_HEADER = YES;
				GCC_PREFIX_HEADER = "JiaoWuXiTong/JiaoWuXiTong-Prefix.pch";
				HEADER_SEARCH_PATHS = (
					"\"${PODS_ROOT}/Headers\"",
					"\"${PODS_ROOT}/Headers/AFNetworking\"",
					"\"${PODS_ROOT}/Headers/ReactiveCocoa\"",
					"\"${PODS_ROOT}/Headers/ReactiveCocoa/ReactiveCocoa\"",
					"\"${PODS_ROOT}/Headers/ReactiveViewModel\"",
					"\"${PODS_ROOT}/Headers/UIColor-Utilities\"",
					"${SDKROOT}/usr/include/libxml2",
				);
				INFOPLIST_FILE = "JiaoWuXiTong/JiaoWuXiTong-Info.plist";
				IPHONEOS_DEPLOYMENT_TARGET = 7.0;
				PRODUCT_NAME = "$(TARGET_NAME)";
				WRAPPER_EXTENSION = app;
			};
			name = Release;
		};
		2795DD9818A51FAA00F0ADD0 /* Debug */ = {
			isa = XCBuildConfiguration;
			buildSettings = {
				BUNDLE_LOADER = "$(BUILT_PRODUCTS_DIR)/JiaoWuXiTong.app/JiaoWuXiTong";
				FRAMEWORK_SEARCH_PATHS = (
					"$(SDKROOT)/Developer/Library/Frameworks",
					"$(inherited)",
					"$(DEVELOPER_FRAMEWORKS_DIR)",
				);
				GCC_PRECOMPILE_PREFIX_HEADER = YES;
				GCC_PREFIX_HEADER = "JiaoWuXiTong/JiaoWuXiTong-Prefix.pch";
				GCC_PREPROCESSOR_DEFINITIONS = (
					"DEBUG=1",
					"$(inherited)",
				);
				INFOPLIST_FILE = "JiaoWuXiTongTests/JiaoWuXiTongTests-Info.plist";
				PRODUCT_NAME = "$(TARGET_NAME)";
				TEST_HOST = "$(BUNDLE_LOADER)";
				WRAPPER_EXTENSION = xctest;
			};
			name = Debug;
		};
		2795DD9918A51FAA00F0ADD0 /* Release */ = {
			isa = XCBuildConfiguration;
			buildSettings = {
				BUNDLE_LOADER = "$(BUILT_PRODUCTS_DIR)/JiaoWuXiTong.app/JiaoWuXiTong";
				FRAMEWORK_SEARCH_PATHS = (
					"$(SDKROOT)/Developer/Library/Frameworks",
					"$(inherited)",
					"$(DEVELOPER_FRAMEWORKS_DIR)",
				);
				GCC_PRECOMPILE_PREFIX_HEADER = YES;
				GCC_PREFIX_HEADER = "JiaoWuXiTong/JiaoWuXiTong-Prefix.pch";
				INFOPLIST_FILE = "JiaoWuXiTongTests/JiaoWuXiTongTests-Info.plist";
				PRODUCT_NAME = "$(TARGET_NAME)";
				TEST_HOST = "$(BUNDLE_LOADER)";
				WRAPPER_EXTENSION = xctest;
			};
			name = Release;
		};
/* End XCBuildConfiguration section */

/* Begin XCConfigurationList section */
		2795DD5D18A51FAA00F0ADD0 /* Build configuration list for PBXProject "JiaoWuXiTong" */ = {
			isa = XCConfigurationList;
			buildConfigurations = (
				2795DD9218A51FAA00F0ADD0 /* Debug */,
				2795DD9318A51FAA00F0ADD0 /* Release */,
			);
			defaultConfigurationIsVisible = 0;
			defaultConfigurationName = Release;
		};
		2795DD9418A51FAA00F0ADD0 /* Build configuration list for PBXNativeTarget "JiaoWuXiTong" */ = {
			isa = XCConfigurationList;
			buildConfigurations = (
				2795DD9518A51FAA00F0ADD0 /* Debug */,
				2795DD9618A51FAA00F0ADD0 /* Release */,
			);
			defaultConfigurationIsVisible = 0;
			defaultConfigurationName = Release;
		};
		2795DD9718A51FAA00F0ADD0 /* Build configuration list for PBXNativeTarget "JiaoWuXiTongTests" */ = {
			isa = XCConfigurationList;
			buildConfigurations = (
				2795DD9818A51FAA00F0ADD0 /* Debug */,
				2795DD9918A51FAA00F0ADD0 /* Release */,
			);
			defaultConfigurationIsVisible = 0;
			defaultConfigurationName = Release;
		};
/* End XCConfigurationList section */
	};
	rootObject = 2795DD5A18A51FAA00F0ADD0 /* Project object */;
}
