// !$*UTF8*$!
{
	archiveVersion = 1;
	classes = {
	};
	objectVersion = 46;
	objects = {

/* Begin PBXBuildFile section */
		277F62EA1956DACE00ADD3DD /* Foundation.framework in Frameworks */ = {isa = PBXBuildFile; fileRef = 277F62E91956DACE00ADD3DD /* Foundation.framework */; };
		277F62F81956DACE00ADD3DD /* XCTest.framework in Frameworks */ = {isa = PBXBuildFile; fileRef = 277F62F71956DACE00ADD3DD /* XCTest.framework */; };
		277F62F91956DACE00ADD3DD /* Foundation.framework in Frameworks */ = {isa = PBXBuildFile; fileRef = 277F62E91956DACE00ADD3DD /* Foundation.framework */; };
		277F62FE1956DACE00ADD3DD /* libLogicAndDataLayer.a in Frameworks */ = {isa = PBXBuildFile; fileRef = 277F62E61956DACE00ADD3DD /* libLogicAndDataLayer.a */; };
		277F63041956DACE00ADD3DD /* InfoPlist.strings in Resources */ = {isa = PBXBuildFile; fileRef = 277F63021956DACE00ADD3DD /* InfoPlist.strings */; };
		277F63061956DACE00ADD3DD /* LogicAndDataLayerTests.m in Sources */ = {isa = PBXBuildFile; fileRef = 277F63051956DACE00ADD3DD /* LogicAndDataLayerTests.m */; };
		277F63121956DBF800ADD3DD /* libPods.a in Frameworks */ = {isa = PBXBuildFile; fileRef = 277F63111956DBF800ADD3DD /* libPods.a */; };
		277F634C1956DE7200ADD3DD /* TFHpple.m in Sources */ = {isa = PBXBuildFile; fileRef = 277F63471956DE7200ADD3DD /* TFHpple.m */; };
		277F634D1956DE7200ADD3DD /* TFHppleElement.m in Sources */ = {isa = PBXBuildFile; fileRef = 277F63491956DE7200ADD3DD /* TFHppleElement.m */; };
		277F634E1956DE7200ADD3DD /* XPathQuery.m in Sources */ = {isa = PBXBuildFile; fileRef = 277F634B1956DE7200ADD3DD /* XPathQuery.m */; };
		277F634F1956DE9800ADD3DD /* TFHpple.h in CopyFiles */ = {isa = PBXBuildFile; fileRef = 277F63461956DE7200ADD3DD /* TFHpple.h */; };
		277F63501956DE9800ADD3DD /* TFHppleElement.h in CopyFiles */ = {isa = PBXBuildFile; fileRef = 277F63481956DE7200ADD3DD /* TFHppleElement.h */; };
		277F63511956DE9800ADD3DD /* XPathQuery.h in CopyFiles */ = {isa = PBXBuildFile; fileRef = 277F634A1956DE7200ADD3DD /* XPathQuery.h */; };
		277F63531956DECC00ADD3DD /* libxml2.dylib in Frameworks */ = {isa = PBXBuildFile; fileRef = 277F63521956DECC00ADD3DD /* libxml2.dylib */; };
		277F63591956E51300ADD3DD /* UIKit.framework in Frameworks */ = {isa = PBXBuildFile; fileRef = 277F63581956E51300ADD3DD /* UIKit.framework */; };
		277F635C1956E5FD00ADD3DD /* UserInfoManager.m in Sources */ = {isa = PBXBuildFile; fileRef = 277F635B1956E5FD00ADD3DD /* UserInfoManager.m */; };
		277F635D1956E5FD00ADD3DD /* UserInfoManager.m in Sources */ = {isa = PBXBuildFile; fileRef = 277F635B1956E5FD00ADD3DD /* UserInfoManager.m */; };
		277F635E1956E6D900ADD3DD /* UserInfoManager.h in CopyFiles */ = {isa = PBXBuildFile; fileRef = 277F635A1956E5FD00ADD3DD /* UserInfoManager.h */; };
		277F63601956E81A00ADD3DD /* libPods-AFNetworking.a in Frameworks */ = {isa = PBXBuildFile; fileRef = 277F635F1956E81A00ADD3DD /* libPods-AFNetworking.a */; };
		277F636E1956EC5800ADD3DD /* CalDataController.m in Sources */ = {isa = PBXBuildFile; fileRef = 277F63661956EC5800ADD3DD /* CalDataController.m */; };
		277F636F1956EC5800ADD3DD /* CalDataController.m in Sources */ = {isa = PBXBuildFile; fileRef = 277F63661956EC5800ADD3DD /* CalDataController.m */; };
		277F63701956EC5800ADD3DD /* CalDataModel.m in Sources */ = {isa = PBXBuildFile; fileRef = 277F63681956EC5800ADD3DD /* CalDataModel.m */; };
		277F63711956EC5800ADD3DD /* CalDataModel.m in Sources */ = {isa = PBXBuildFile; fileRef = 277F63681956EC5800ADD3DD /* CalDataModel.m */; };
		277F63721956EC5800ADD3DD /* DataModel.m in Sources */ = {isa = PBXBuildFile; fileRef = 277F636B1956EC5800ADD3DD /* DataModel.m */; };
		277F63731956EC5800ADD3DD /* DataModel.m in Sources */ = {isa = PBXBuildFile; fileRef = 277F636B1956EC5800ADD3DD /* DataModel.m */; };
		277F63741956EC5800ADD3DD /* DataModelController.m in Sources */ = {isa = PBXBuildFile; fileRef = 277F636D1956EC5800ADD3DD /* DataModelController.m */; };
		277F63751956EC5800ADD3DD /* DataModelController.m in Sources */ = {isa = PBXBuildFile; fileRef = 277F636D1956EC5800ADD3DD /* DataModelController.m */; };
		277F63761956EC7800ADD3DD /* CalDataController.h in CopyFiles */ = {isa = PBXBuildFile; fileRef = 277F63651956EC5800ADD3DD /* CalDataController.h */; };
		277F63771956EC7800ADD3DD /* CalDataModel.h in CopyFiles */ = {isa = PBXBuildFile; fileRef = 277F63671956EC5800ADD3DD /* CalDataModel.h */; };
		277F63781956EC7800ADD3DD /* DataModel.h in CopyFiles */ = {isa = PBXBuildFile; fileRef = 277F636A1956EC5800ADD3DD /* DataModel.h */; };
		277F63791956EC7800ADD3DD /* DataModelController.h in CopyFiles */ = {isa = PBXBuildFile; fileRef = 277F636C1956EC5800ADD3DD /* DataModelController.h */; };
/* End PBXBuildFile section */

/* Begin PBXContainerItemProxy section */
		277F62FC1956DACE00ADD3DD /* PBXContainerItemProxy */ = {
			isa = PBXContainerItemProxy;
			containerPortal = 277F62DE1956DACE00ADD3DD /* Project object */;
			proxyType = 1;
			remoteGlobalIDString = 277F62E51956DACE00ADD3DD;
			remoteInfo = LogicAndDataLayer;
		};
/* End PBXContainerItemProxy section */

/* Begin PBXCopyFilesBuildPhase section */
		277F62E41956DACE00ADD3DD /* CopyFiles */ = {
			isa = PBXCopyFilesBuildPhase;
			buildActionMask = 2147483647;
			dstPath = "include/$(PRODUCT_NAME)";
			dstSubfolderSpec = 16;
			files = (
				277F63761956EC7800ADD3DD /* CalDataController.h in CopyFiles */,
				277F63771956EC7800ADD3DD /* CalDataModel.h in CopyFiles */,
				277F63781956EC7800ADD3DD /* DataModel.h in CopyFiles */,
				277F63791956EC7800ADD3DD /* DataModelController.h in CopyFiles */,
				277F635E1956E6D900ADD3DD /* UserInfoManager.h in CopyFiles */,
				277F634F1956DE9800ADD3DD /* TFHpple.h in CopyFiles */,
				277F63501956DE9800ADD3DD /* TFHppleElement.h in CopyFiles */,
				277F63511956DE9800ADD3DD /* XPathQuery.h in CopyFiles */,
			);
			runOnlyForDeploymentPostprocessing = 0;
		};
/* End PBXCopyFilesBuildPhase section */

/* Begin PBXFileReference section */
		277F62E61956DACE00ADD3DD /* libLogicAndDataLayer.a */ = {isa = PBXFileReference; explicitFileType = archive.ar; includeInIndex = 0; path = libLogicAndDataLayer.a; sourceTree = BUILT_PRODUCTS_DIR; };
		277F62E91956DACE00ADD3DD /* Foundation.framework */ = {isa = PBXFileReference; lastKnownFileType = wrapper.framework; name = Foundation.framework; path = System/Library/Frameworks/Foundation.framework; sourceTree = SDKROOT; };
		277F62ED1956DACE00ADD3DD /* LogicAndDataLayer-Prefix.pch */ = {isa = PBXFileReference; lastKnownFileType = sourcecode.c.h; path = "LogicAndDataLayer-Prefix.pch"; sourceTree = "<group>"; };
		277F62F61956DACE00ADD3DD /* LogicAndDataLayerTests.xctest */ = {isa = PBXFileReference; explicitFileType = wrapper.cfbundle; includeInIndex = 0; path = LogicAndDataLayerTests.xctest; sourceTree = BUILT_PRODUCTS_DIR; };
		277F62F71956DACE00ADD3DD /* XCTest.framework */ = {isa = PBXFileReference; lastKnownFileType = wrapper.framework; name = XCTest.framework; path = Library/Frameworks/XCTest.framework; sourceTree = DEVELOPER_DIR; };
		277F63011956DACE00ADD3DD /* LogicAndDataLayerTests-Info.plist */ = {isa = PBXFileReference; lastKnownFileType = text.plist.xml; path = "LogicAndDataLayerTests-Info.plist"; sourceTree = "<group>"; };
		277F63031956DACE00ADD3DD /* en */ = {isa = PBXFileReference; lastKnownFileType = text.plist.strings; name = en; path = en.lproj/InfoPlist.strings; sourceTree = "<group>"; };
		277F63051956DACE00ADD3DD /* LogicAndDataLayerTests.m */ = {isa = PBXFileReference; lastKnownFileType = sourcecode.c.objc; path = LogicAndDataLayerTests.m; sourceTree = "<group>"; };
		277F63111956DBF800ADD3DD /* libPods.a */ = {isa = PBXFileReference; lastKnownFileType = archive.ar; name = libPods.a; path = "../Pods/build/Debug-iphoneos/libPods.a"; sourceTree = "<group>"; };
		277F63461956DE7200ADD3DD /* TFHpple.h */ = {isa = PBXFileReference; fileEncoding = 4; lastKnownFileType = sourcecode.c.h; path = TFHpple.h; sourceTree = "<group>"; };
		277F63471956DE7200ADD3DD /* TFHpple.m */ = {isa = PBXFileReference; fileEncoding = 4; lastKnownFileType = sourcecode.c.objc; path = TFHpple.m; sourceTree = "<group>"; };
		277F63481956DE7200ADD3DD /* TFHppleElement.h */ = {isa = PBXFileReference; fileEncoding = 4; lastKnownFileType = sourcecode.c.h; path = TFHppleElement.h; sourceTree = "<group>"; };
		277F63491956DE7200ADD3DD /* TFHppleElement.m */ = {isa = PBXFileReference; fileEncoding = 4; lastKnownFileType = sourcecode.c.objc; path = TFHppleElement.m; sourceTree = "<group>"; };
		277F634A1956DE7200ADD3DD /* XPathQuery.h */ = {isa = PBXFileReference; fileEncoding = 4; lastKnownFileType = sourcecode.c.h; path = XPathQuery.h; sourceTree = "<group>"; };
		277F634B1956DE7200ADD3DD /* XPathQuery.m */ = {isa = PBXFileReference; fileEncoding = 4; lastKnownFileType = sourcecode.c.objc; path = XPathQuery.m; sourceTree = "<group>"; };
		277F63521956DECC00ADD3DD /* libxml2.dylib */ = {isa = PBXFileReference; lastKnownFileType = "compiled.mach-o.dylib"; name = libxml2.dylib; path = usr/lib/libxml2.dylib; sourceTree = SDKROOT; };
		277F63541956E0D100ADD3DD /* libxml2.2.dylib */ = {isa = PBXFileReference; lastKnownFileType = "compiled.mach-o.dylib"; name = libxml2.2.dylib; path = usr/lib/libxml2.2.dylib; sourceTree = SDKROOT; };
		277F63581956E51300ADD3DD /* UIKit.framework */ = {isa = PBXFileReference; lastKnownFileType = wrapper.framework; name = UIKit.framework; path = System/Library/Frameworks/UIKit.framework; sourceTree = SDKROOT; };
		277F635A1956E5FD00ADD3DD /* UserInfoManager.h */ = {isa = PBXFileReference; fileEncoding = 4; lastKnownFileType = sourcecode.c.h; path = UserInfoManager.h; sourceTree = "<group>"; };
		277F635B1956E5FD00ADD3DD /* UserInfoManager.m */ = {isa = PBXFileReference; fileEncoding = 4; lastKnownFileType = sourcecode.c.objc; path = UserInfoManager.m; sourceTree = "<group>"; };
		277F635F1956E81A00ADD3DD /* libPods-AFNetworking.a */ = {isa = PBXFileReference; lastKnownFileType = archive.ar; name = "libPods-AFNetworking.a"; path = "../Pods/build/Release-iphoneos/libPods-AFNetworking.a"; sourceTree = "<group>"; };
		277F63651956EC5800ADD3DD /* CalDataController.h */ = {isa = PBXFileReference; fileEncoding = 4; lastKnownFileType = sourcecode.c.h; path = CalDataController.h; sourceTree = "<group>"; };
		277F63661956EC5800ADD3DD /* CalDataController.m */ = {isa = PBXFileReference; fileEncoding = 4; lastKnownFileType = sourcecode.c.objc; path = CalDataController.m; sourceTree = "<group>"; };
		277F63671956EC5800ADD3DD /* CalDataModel.h */ = {isa = PBXFileReference; fileEncoding = 4; lastKnownFileType = sourcecode.c.h; path = CalDataModel.h; sourceTree = "<group>"; };
		277F63681956EC5800ADD3DD /* CalDataModel.m */ = {isa = PBXFileReference; fileEncoding = 4; lastKnownFileType = sourcecode.c.objc; path = CalDataModel.m; sourceTree = "<group>"; };
		277F636A1956EC5800ADD3DD /* DataModel.h */ = {isa = PBXFileReference; fileEncoding = 4; lastKnownFileType = sourcecode.c.h; path = DataModel.h; sourceTree = "<group>"; };
		277F636B1956EC5800ADD3DD /* DataModel.m */ = {isa = PBXFileReference; fileEncoding = 4; lastKnownFileType = sourcecode.c.objc; path = DataModel.m; sourceTree = "<group>"; };
		277F636C1956EC5800ADD3DD /* DataModelController.h */ = {isa = PBXFileReference; fileEncoding = 4; lastKnownFileType = sourcecode.c.h; path = DataModelController.h; sourceTree = "<group>"; };
		277F636D1956EC5800ADD3DD /* DataModelController.m */ = {isa = PBXFileReference; fileEncoding = 4; lastKnownFileType = sourcecode.c.objc; path = DataModelController.m; sourceTree = "<group>"; };
/* End PBXFileReference section */

/* Begin PBXFrameworksBuildPhase section */
		277F62E31956DACE00ADD3DD /* Frameworks */ = {
			isa = PBXFrameworksBuildPhase;
			buildActionMask = 2147483647;
			files = (
				277F63601956E81A00ADD3DD /* libPods-AFNetworking.a in Frameworks */,
				277F63591956E51300ADD3DD /* UIKit.framework in Frameworks */,
				277F63531956DECC00ADD3DD /* libxml2.dylib in Frameworks */,
				277F63121956DBF800ADD3DD /* libPods.a in Frameworks */,
				277F62EA1956DACE00ADD3DD /* Foundation.framework in Frameworks */,
			);
			runOnlyForDeploymentPostprocessing = 0;
		};
		277F62F31956DACE00ADD3DD /* Frameworks */ = {
			isa = PBXFrameworksBuildPhase;
			buildActionMask = 2147483647;
			files = (
				277F62FE1956DACE00ADD3DD /* libLogicAndDataLayer.a in Frameworks */,
				277F62F81956DACE00ADD3DD /* XCTest.framework in Frameworks */,
				277F62F91956DACE00ADD3DD /* Foundation.framework in Frameworks */,
			);
			runOnlyForDeploymentPostprocessing = 0;
		};
/* End PBXFrameworksBuildPhase section */

/* Begin PBXGroup section */
		277F62DD1956DACE00ADD3DD = {
			isa = PBXGroup;
			children = (
				277F62EB1956DACE00ADD3DD /* LogicAndDataLayer */,
				277F62FF1956DACE00ADD3DD /* LogicAndDataLayerTests */,
				277F62E81956DACE00ADD3DD /* Frameworks */,
				277F62E71956DACE00ADD3DD /* Products */,
			);
			sourceTree = "<group>";
		};
		277F62E71956DACE00ADD3DD /* Products */ = {
			isa = PBXGroup;
			children = (
				277F62E61956DACE00ADD3DD /* libLogicAndDataLayer.a */,
				277F62F61956DACE00ADD3DD /* LogicAndDataLayerTests.xctest */,
			);
			name = Products;
			sourceTree = "<group>";
		};
		277F62E81956DACE00ADD3DD /* Frameworks */ = {
			isa = PBXGroup;
			children = (
				277F635F1956E81A00ADD3DD /* libPods-AFNetworking.a */,
				277F63581956E51300ADD3DD /* UIKit.framework */,
				277F63541956E0D100ADD3DD /* libxml2.2.dylib */,
				277F63521956DECC00ADD3DD /* libxml2.dylib */,
				277F63111956DBF800ADD3DD /* libPods.a */,
				277F62E91956DACE00ADD3DD /* Foundation.framework */,
				277F62F71956DACE00ADD3DD /* XCTest.framework */,
			);
			name = Frameworks;
			sourceTree = "<group>";
		};
		277F62EB1956DACE00ADD3DD /* LogicAndDataLayer */ = {
			isa = PBXGroup;
			children = (
				277F635A1956E5FD00ADD3DD /* UserInfoManager.h */,
				277F635B1956E5FD00ADD3DD /* UserInfoManager.m */,
				277F63451956DE7200ADD3DD /* HtmlParse */,
				277F63641956EC5800ADD3DD /* Course */,
				277F63691956EC5800ADD3DD /* Score */,
				277F62EC1956DACE00ADD3DD /* Supporting Files */,
			);
			path = LogicAndDataLayer;
			sourceTree = "<group>";
		};
		277F62EC1956DACE00ADD3DD /* Supporting Files */ = {
			isa = PBXGroup;
			children = (
				277F62ED1956DACE00ADD3DD /* LogicAndDataLayer-Prefix.pch */,
			);
			name = "Supporting Files";
			sourceTree = "<group>";
		};
		277F62FF1956DACE00ADD3DD /* LogicAndDataLayerTests */ = {
			isa = PBXGroup;
			children = (
				277F63051956DACE00ADD3DD /* LogicAndDataLayerTests.m */,
				277F63001956DACE00ADD3DD /* Supporting Files */,
			);
			path = LogicAndDataLayerTests;
			sourceTree = "<group>";
		};
		277F63001956DACE00ADD3DD /* Supporting Files */ = {
			isa = PBXGroup;
			children = (
				277F63011956DACE00ADD3DD /* LogicAndDataLayerTests-Info.plist */,
				277F63021956DACE00ADD3DD /* InfoPlist.strings */,
			);
			name = "Supporting Files";
			sourceTree = "<group>";
		};
		277F63451956DE7200ADD3DD /* HtmlParse */ = {
			isa = PBXGroup;
			children = (
				277F63461956DE7200ADD3DD /* TFHpple.h */,
				277F63471956DE7200ADD3DD /* TFHpple.m */,
				277F63481956DE7200ADD3DD /* TFHppleElement.h */,
				277F63491956DE7200ADD3DD /* TFHppleElement.m */,
				277F634A1956DE7200ADD3DD /* XPathQuery.h */,
				277F634B1956DE7200ADD3DD /* XPathQuery.m */,
			);
			path = HtmlParse;
			sourceTree = "<group>";
		};
		277F63641956EC5800ADD3DD /* Course */ = {
			isa = PBXGroup;
			children = (
				277F63651956EC5800ADD3DD /* CalDataController.h */,
				277F63661956EC5800ADD3DD /* CalDataController.m */,
				277F63671956EC5800ADD3DD /* CalDataModel.h */,
				277F63681956EC5800ADD3DD /* CalDataModel.m */,
			);
			path = Course;
			sourceTree = "<group>";
		};
		277F63691956EC5800ADD3DD /* Score */ = {
			isa = PBXGroup;
			children = (
				277F636A1956EC5800ADD3DD /* DataModel.h */,
				277F636B1956EC5800ADD3DD /* DataModel.m */,
				277F636C1956EC5800ADD3DD /* DataModelController.h */,
				277F636D1956EC5800ADD3DD /* DataModelController.m */,
			);
			path = Score;
			sourceTree = "<group>";
		};
/* End PBXGroup section */

/* Begin PBXNativeTarget section */
		277F62E51956DACE00ADD3DD /* LogicAndDataLayer */ = {
			isa = PBXNativeTarget;
			buildConfigurationList = 277F63091956DACE00ADD3DD /* Build configuration list for PBXNativeTarget "LogicAndDataLayer" */;
			buildPhases = (
				277F62E21956DACE00ADD3DD /* Sources */,
				277F62E31956DACE00ADD3DD /* Frameworks */,
				277F62E41956DACE00ADD3DD /* CopyFiles */,
			);
			buildRules = (
			);
			dependencies = (
			);
			name = LogicAndDataLayer;
			productName = LogicAndDataLayer;
			productReference = 277F62E61956DACE00ADD3DD /* libLogicAndDataLayer.a */;
			productType = "com.apple.product-type.library.static";
		};
		277F62F51956DACE00ADD3DD /* LogicAndDataLayerTests */ = {
			isa = PBXNativeTarget;
			buildConfigurationList = 277F630C1956DACE00ADD3DD /* Build configuration list for PBXNativeTarget "LogicAndDataLayerTests" */;
			buildPhases = (
				277F62F21956DACE00ADD3DD /* Sources */,
				277F62F31956DACE00ADD3DD /* Frameworks */,
				277F62F41956DACE00ADD3DD /* Resources */,
			);
			buildRules = (
			);
			dependencies = (
				277F62FD1956DACE00ADD3DD /* PBXTargetDependency */,
			);
			name = LogicAndDataLayerTests;
			productName = LogicAndDataLayerTests;
			productReference = 277F62F61956DACE00ADD3DD /* LogicAndDataLayerTests.xctest */;
			productType = "com.apple.product-type.bundle.unit-test";
		};
/* End PBXNativeTarget section */

/* Begin PBXProject section */
		277F62DE1956DACE00ADD3DD /* Project object */ = {
			isa = PBXProject;
			attributes = {
				LastUpgradeCheck = 0510;
				ORGANIZATIONNAME = study;
			};
			buildConfigurationList = 277F62E11956DACE00ADD3DD /* Build configuration list for PBXProject "LogicAndDataLayer" */;
			compatibilityVersion = "Xcode 3.2";
			developmentRegion = English;
			hasScannedForEncodings = 0;
			knownRegions = (
				en,
			);
			mainGroup = 277F62DD1956DACE00ADD3DD;
			productRefGroup = 277F62E71956DACE00ADD3DD /* Products */;
			projectDirPath = "";
			projectRoot = "";
			targets = (
				277F62E51956DACE00ADD3DD /* LogicAndDataLayer */,
				277F62F51956DACE00ADD3DD /* LogicAndDataLayerTests */,
			);
		};
/* End PBXProject section */

/* Begin PBXResourcesBuildPhase section */
		277F62F41956DACE00ADD3DD /* Resources */ = {
			isa = PBXResourcesBuildPhase;
			buildActionMask = 2147483647;
			files = (
				277F63041956DACE00ADD3DD /* InfoPlist.strings in Resources */,
			);
			runOnlyForDeploymentPostprocessing = 0;
		};
/* End PBXResourcesBuildPhase section */

/* Begin PBXSourcesBuildPhase section */
		277F62E21956DACE00ADD3DD /* Sources */ = {
			isa = PBXSourcesBuildPhase;
			buildActionMask = 2147483647;
			files = (
				277F63701956EC5800ADD3DD /* CalDataModel.m in Sources */,
				277F634D1956DE7200ADD3DD /* TFHppleElement.m in Sources */,
				277F636E1956EC5800ADD3DD /* CalDataController.m in Sources */,
				277F634E1956DE7200ADD3DD /* XPathQuery.m in Sources */,
				277F63721956EC5800ADD3DD /* DataModel.m in Sources */,
				277F634C1956DE7200ADD3DD /* TFHpple.m in Sources */,
				277F635C1956E5FD00ADD3DD /* UserInfoManager.m in Sources */,
				277F63741956EC5800ADD3DD /* DataModelController.m in Sources */,
			);
			runOnlyForDeploymentPostprocessing = 0;
		};
		277F62F21956DACE00ADD3DD /* Sources */ = {
			isa = PBXSourcesBuildPhase;
			buildActionMask = 2147483647;
			files = (
				277F63711956EC5800ADD3DD /* CalDataModel.m in Sources */,
				277F63731956EC5800ADD3DD /* DataModel.m in Sources */,
				277F636F1956EC5800ADD3DD /* CalDataController.m in Sources */,
				277F63751956EC5800ADD3DD /* DataModelController.m in Sources */,
				277F635D1956E5FD00ADD3DD /* UserInfoManager.m in Sources */,
				277F63061956DACE00ADD3DD /* LogicAndDataLayerTests.m in Sources */,
			);
			runOnlyForDeploymentPostprocessing = 0;
		};
/* End PBXSourcesBuildPhase section */

/* Begin PBXTargetDependency section */
		277F62FD1956DACE00ADD3DD /* PBXTargetDependency */ = {
			isa = PBXTargetDependency;
			target = 277F62E51956DACE00ADD3DD /* LogicAndDataLayer */;
			targetProxy = 277F62FC1956DACE00ADD3DD /* PBXContainerItemProxy */;
		};
/* End PBXTargetDependency section */

/* Begin PBXVariantGroup section */
		277F63021956DACE00ADD3DD /* InfoPlist.strings */ = {
			isa = PBXVariantGroup;
			children = (
				277F63031956DACE00ADD3DD /* en */,
			);
			name = InfoPlist.strings;
			sourceTree = "<group>";
		};
/* End PBXVariantGroup section */

/* Begin XCBuildConfiguration section */
		277F63071956DACE00ADD3DD /* Debug */ = {
			isa = XCBuildConfiguration;
			buildSettings = {
				ALWAYS_SEARCH_USER_PATHS = NO;
				CLANG_CXX_LANGUAGE_STANDARD = "gnu++0x";
				CLANG_CXX_LIBRARY = "libc++";
				CLANG_ENABLE_MODULES = YES;
				CLANG_ENABLE_OBJC_ARC = YES;
				CLANG_WARN_BOOL_CONVERSION = YES;
				CLANG_WARN_CONSTANT_CONVERSION = YES;
				CLANG_WARN_DIRECT_OBJC_ISA_USAGE = YES_ERROR;
				CLANG_WARN_EMPTY_BODY = YES;
				CLANG_WARN_ENUM_CONVERSION = YES;
				CLANG_WARN_INT_CONVERSION = YES;
				CLANG_WARN_OBJC_ROOT_CLASS = YES_ERROR;
				CLANG_WARN__DUPLICATE_METHOD_MATCH = YES;
				COPY_PHASE_STRIP = NO;
				GCC_C_LANGUAGE_STANDARD = gnu99;
				GCC_DYNAMIC_NO_PIC = NO;
				GCC_OPTIMIZATION_LEVEL = 0;
				GCC_PREPROCESSOR_DEFINITIONS = (
					"DEBUG=1",
					"$(inherited)",
				);
				GCC_SYMBOLS_PRIVATE_EXTERN = NO;
				GCC_WARN_64_TO_32_BIT_CONVERSION = YES;
				GCC_WARN_ABOUT_RETURN_TYPE = YES_ERROR;
				GCC_WARN_UNDECLARED_SELECTOR = YES;
				GCC_WARN_UNINITIALIZED_AUTOS = YES_AGGRESSIVE;
				GCC_WARN_UNUSED_FUNCTION = YES;
				GCC_WARN_UNUSED_VARIABLE = YES;
				IPHONEOS_DEPLOYMENT_TARGET = 7.1;
				ONLY_ACTIVE_ARCH = YES;
				SDKROOT = iphoneos;
			};
			name = Debug;
		};
		277F63081956DACE00ADD3DD /* Release */ = {
			isa = XCBuildConfiguration;
			buildSettings = {
				ALWAYS_SEARCH_USER_PATHS = NO;
				CLANG_CXX_LANGUAGE_STANDARD = "gnu++0x";
				CLANG_CXX_LIBRARY = "libc++";
				CLANG_ENABLE_MODULES = YES;
				CLANG_ENABLE_OBJC_ARC = YES;
				CLANG_WARN_BOOL_CONVERSION = YES;
				CLANG_WARN_CONSTANT_CONVERSION = YES;
				CLANG_WARN_DIRECT_OBJC_ISA_USAGE = YES_ERROR;
				CLANG_WARN_EMPTY_BODY = YES;
				CLANG_WARN_ENUM_CONVERSION = YES;
				CLANG_WARN_INT_CONVERSION = YES;
				CLANG_WARN_OBJC_ROOT_CLASS = YES_ERROR;
				CLANG_WARN__DUPLICATE_METHOD_MATCH = YES;
				COPY_PHASE_STRIP = YES;
				ENABLE_NS_ASSERTIONS = NO;
				GCC_C_LANGUAGE_STANDARD = gnu99;
				GCC_WARN_64_TO_32_BIT_CONVERSION = YES;
				GCC_WARN_ABOUT_RETURN_TYPE = YES_ERROR;
				GCC_WARN_UNDECLARED_SELECTOR = YES;
				GCC_WARN_UNINITIALIZED_AUTOS = YES_AGGRESSIVE;
				GCC_WARN_UNUSED_FUNCTION = YES;
				GCC_WARN_UNUSED_VARIABLE = YES;
				IPHONEOS_DEPLOYMENT_TARGET = 7.1;
				SDKROOT = iphoneos;
				VALIDATE_PRODUCT = YES;
			};
			name = Release;
		};
		277F630A1956DACE00ADD3DD /* Debug */ = {
			isa = XCBuildConfiguration;
			buildSettings = {
				DSTROOT = /tmp/LogicAndDataLayer.dst;
				GCC_PRECOMPILE_PREFIX_HEADER = YES;
				GCC_PREFIX_HEADER = "LogicAndDataLayer/LogicAndDataLayer-Prefix.pch";
				HEADER_SEARCH_PATHS = (
					"$(inherited)",
					"\"${PODS_ROOT}/Headers\"",
					"\"${PODS_ROOT}/Headers/AFNetworking\"",
					/Applications/Xcode.app/Contents/Developer/Toolchains/XcodeDefault.xctoolchain/usr/include,
					"${SDKROOT}/usr/include/libxml2/**",
					"$(SRCROOT)/Pods/Headers/AFNetworking",
					"$(SRCROOT)/Pods/Headers",
				);
				LIBRARY_SEARCH_PATHS = (
					"$(inherited)",
					"/Users/zqp/Object-c/Myself/FangZhengJiaoWU/Pods/build/Debug-iphoneos",
					"/Users/zqp/Object-c/Myself/FangZhengJiaoWU/Pods/build/Release-iphoneos",
				);
				OTHER_LDFLAGS = "-ObjC";
				PRODUCT_NAME = "$(TARGET_NAME)";
				SKIP_INSTALL = YES;
				USER_HEADER_SEARCH_PATHS = "";
			};
			name = Debug;
		};
		277F630B1956DACE00ADD3DD /* Release */ = {
			isa = XCBuildConfiguration;
			buildSettings = {
				DSTROOT = /tmp/LogicAndDataLayer.dst;
				GCC_PRECOMPILE_PREFIX_HEADER = YES;
				GCC_PREFIX_HEADER = "LogicAndDataLayer/LogicAndDataLayer-Prefix.pch";
				HEADER_SEARCH_PATHS = (
					"$(inherited)",
					"\"${PODS_ROOT}/Headers\"",
					"\"${PODS_ROOT}/Headers/AFNetworking\"",
					/Applications/Xcode.app/Contents/Developer/Toolchains/XcodeDefault.xctoolchain/usr/include,
					"${SDKROOT}/usr/include/libxml2/**",
					"$(SRCROOT)/FangZhengJiaoWU/Pods/Headers/AFNetworking",
					"$(SRCROOT)/FangZhengJiaoWU/Pods/Headers",
				);
				LIBRARY_SEARCH_PATHS = (
					"$(inherited)",
					"/Users/zqp/Object-c/Myself/FangZhengJiaoWU/Pods/build/Debug-iphoneos",
					"/Users/zqp/Object-c/Myself/FangZhengJiaoWU/Pods/build/Release-iphoneos",
				);
				OTHER_LDFLAGS = "-ObjC";
				PRODUCT_NAME = "$(TARGET_NAME)";
				SKIP_INSTALL = YES;
				USER_HEADER_SEARCH_PATHS = "";
			};
			name = Release;
		};
		277F630D1956DACE00ADD3DD /* Debug */ = {
			isa = XCBuildConfiguration;
			buildSettings = {
				FRAMEWORK_SEARCH_PATHS = (
					"$(SDKROOT)/Developer/Library/Frameworks",
					"$(inherited)",
					"$(DEVELOPER_FRAMEWORKS_DIR)",
				);
				GCC_PRECOMPILE_PREFIX_HEADER = YES;
				GCC_PREFIX_HEADER = "LogicAndDataLayer/LogicAndDataLayer-Prefix.pch";
				GCC_PREPROCESSOR_DEFINITIONS = (
					"DEBUG=1",
					"$(inherited)",
				);
				INFOPLIST_FILE = "LogicAndDataLayerTests/LogicAndDataLayerTests-Info.plist";
				PRODUCT_NAME = "$(TARGET_NAME)";
				WRAPPER_EXTENSION = xctest;
			};
			name = Debug;
		};
		277F630E1956DACE00ADD3DD /* Release */ = {
			isa = XCBuildConfiguration;
			buildSettings = {
				FRAMEWORK_SEARCH_PATHS = (
					"$(SDKROOT)/Developer/Library/Frameworks",
					"$(inherited)",
					"$(DEVELOPER_FRAMEWORKS_DIR)",
				);
				GCC_PRECOMPILE_PREFIX_HEADER = YES;
				GCC_PREFIX_HEADER = "LogicAndDataLayer/LogicAndDataLayer-Prefix.pch";
				INFOPLIST_FILE = "LogicAndDataLayerTests/LogicAndDataLayerTests-Info.plist";
				PRODUCT_NAME = "$(TARGET_NAME)";
				WRAPPER_EXTENSION = xctest;
			};
			name = Release;
		};
/* End XCBuildConfiguration section */

/* Begin XCConfigurationList section */
		277F62E11956DACE00ADD3DD /* Build configuration list for PBXProject "LogicAndDataLayer" */ = {
			isa = XCConfigurationList;
			buildConfigurations = (
				277F63071956DACE00ADD3DD /* Debug */,
				277F63081956DACE00ADD3DD /* Release */,
			);
			defaultConfigurationIsVisible = 0;
			defaultConfigurationName = Release;
		};
		277F63091956DACE00ADD3DD /* Build configuration list for PBXNativeTarget "LogicAndDataLayer" */ = {
			isa = XCConfigurationList;
			buildConfigurations = (
				277F630A1956DACE00ADD3DD /* Debug */,
				277F630B1956DACE00ADD3DD /* Release */,
			);
			defaultConfigurationIsVisible = 0;
		};
		277F630C1956DACE00ADD3DD /* Build configuration list for PBXNativeTarget "LogicAndDataLayerTests" */ = {
			isa = XCConfigurationList;
			buildConfigurations = (
				277F630D1956DACE00ADD3DD /* Debug */,
				277F630E1956DACE00ADD3DD /* Release */,
			);
			defaultConfigurationIsVisible = 0;
		};
/* End XCConfigurationList section */
	};
	rootObject = 277F62DE1956DACE00ADD3DD /* Project object */;
}
